// !$*UTF8*$!
{
	archiveVersion = 1;
	classes = {
	};
	objectVersion = 46;
	objects = {

/* Begin PBXBuildFile section */
		32D5BB778C5B43F0B93FBB59 /* libPods.a in Frameworks */ = {isa = PBXBuildFile; fileRef = C779380FAA884B0BB973B9B8 /* libPods.a */; };
		7715B5501751FD82002B4487 /* LineDao.m in Sources */ = {isa = PBXBuildFile; fileRef = 7715B54F1751FD82002B4487 /* LineDao.m */; };
		7715B55417520B07002B4487 /* DBHelper.m in Sources */ = {isa = PBXBuildFile; fileRef = 7715B55317520B07002B4487 /* DBHelper.m */; };
		772342EB17759518004496F2 /* PublishBaseController.m in Sources */ = {isa = PBXBuildFile; fileRef = 772342EA17759518004496F2 /* PublishBaseController.m */; };
		772342EF1775968B004496F2 /* UIPlaceHolderTextView.m in Sources */ = {isa = PBXBuildFile; fileRef = 772342EE1775968B004496F2 /* UIPlaceHolderTextView.m */; };
		772342F21775970E004496F2 /* ClickableLabel.m in Sources */ = {isa = PBXBuildFile; fileRef = 772342F11775970E004496F2 /* ClickableLabel.m */; };
		772342F51775986C004496F2 /* UIControl+BlockKits.m in Sources */ = {isa = PBXBuildFile; fileRef = 772342F41775986C004496F2 /* UIControl+BlockKits.m */; };
		7723431F1775A9DF004496F2 /* ShareOperation.m in Sources */ = {isa = PBXBuildFile; fileRef = 7723431E1775A9DF004496F2 /* ShareOperation.m */; };
		772343241775AB01004496F2 /* FollowedSinaweiboController.m in Sources */ = {isa = PBXBuildFile; fileRef = 772343231775AB01004496F2 /* FollowedSinaweiboController.m */; };
		772346511775AD59004496F2 /* RelationshipCell.m in Sources */ = {isa = PBXBuildFile; fileRef = 772346501775AD59004496F2 /* RelationshipCell.m */; };
		77248C90177C267B001FEF08 /* Icon.png in Resources */ = {isa = PBXBuildFile; fileRef = 77248C8F177C267B001FEF08 /* Icon.png */; };
		77248C92177C26BD001FEF08 /* Icon@2x.png in Resources */ = {isa = PBXBuildFile; fileRef = 77248C91177C26BD001FEF08 /* Icon@2x.png */; };
		77248C94177C29EF001FEF08 /* arrowStation-568h@2x.png in Resources */ = {isa = PBXBuildFile; fileRef = 77248C93177C29EF001FEF08 /* arrowStation-568h@2x.png */; };
		77284E551772947A0083CBED /* shareBtn.png in Resources */ = {isa = PBXBuildFile; fileRef = 77284E541772947A0083CBED /* shareBtn.png */; };
		77284E581772D9590083CBED /* AboutDeveloperController.m in Sources */ = {isa = PBXBuildFile; fileRef = 77284E571772D9590083CBED /* AboutDeveloperController.m */; };
		77284E5E1772D9940083CBED /* ShareController.m in Sources */ = {isa = PBXBuildFile; fileRef = 77284E5D1772D9940083CBED /* ShareController.m */; };
		772A63391755C06300FBF5E6 /* FolderCoverView.m in Sources */ = {isa = PBXBuildFile; fileRef = 772A63341755C06300FBF5E6 /* FolderCoverView.m */; };
		772A633A1755C06300FBF5E6 /* UIFolderTableView.m in Sources */ = {isa = PBXBuildFile; fileRef = 772A63361755C06300FBF5E6 /* UIFolderTableView.m */; };
		772A633B1755C06300FBF5E6 /* UIView+screenshot.m in Sources */ = {isa = PBXBuildFile; fileRef = 772A63381755C06300FBF5E6 /* UIView+screenshot.m */; };
		772A633E1755C24500FBF5E6 /* LineListController.m in Sources */ = {isa = PBXBuildFile; fileRef = 772A633D1755C24500FBF5E6 /* LineListController.m */; };
		772A63411755C36200FBF5E6 /* SubLineViewController.m in Sources */ = {isa = PBXBuildFile; fileRef = 772A63401755C36200FBF5E6 /* SubLineViewController.m */; };
		772A63461755F08500FBF5E6 /* DownAccessory.png in Resources */ = {isa = PBXBuildFile; fileRef = 772A63421755F08500FBF5E6 /* DownAccessory.png */; };
		772A63471755F08500FBF5E6 /* DownAccessory@2x.png in Resources */ = {isa = PBXBuildFile; fileRef = 772A63431755F08500FBF5E6 /* DownAccessory@2x.png */; };
		772A63481755F08500FBF5E6 /* UpAccessory.png in Resources */ = {isa = PBXBuildFile; fileRef = 772A63441755F08500FBF5E6 /* UpAccessory.png */; };
		772A63491755F08500FBF5E6 /* UpAccessory@2x.png in Resources */ = {isa = PBXBuildFile; fileRef = 772A63451755F08500FBF5E6 /* UpAccessory@2x.png */; };
		772A634F1756181A00FBF5E6 /* map.png in Resources */ = {isa = PBXBuildFile; fileRef = 772A634E1756181A00FBF5E6 /* map.png */; };
		772A6352175618EB00FBF5E6 /* friends.png in Resources */ = {isa = PBXBuildFile; fileRef = 772A6351175618EB00FBF5E6 /* friends.png */; };
		772B1A1F17900D960085387C /* lineListGuide.png in Resources */ = {isa = PBXBuildFile; fileRef = 772B1A1E17900D960085387C /* lineListGuide.png */; };
		772FEFDC179A92B500AD51E2 /* ThemeManager.m in Sources */ = {isa = PBXBuildFile; fileRef = 772FEFDB179A92B500AD51E2 /* ThemeManager.m */; };
		7733EBD7177E7623007C67A1 /* MessageUI.framework in Frameworks */ = {isa = PBXBuildFile; fileRef = 7733EBD6177E7623007C67A1 /* MessageUI.framework */; };
		7733EBE0177EA32A007C67A1 /* checked.png in Resources */ = {isa = PBXBuildFile; fileRef = 7733EBDE177EA32A007C67A1 /* checked.png */; };
		7733EBE1177EA32A007C67A1 /* unchecked.png in Resources */ = {isa = PBXBuildFile; fileRef = 7733EBDF177EA32A007C67A1 /* unchecked.png */; };
		7733EBE5177EFAFA007C67A1 /* busStation.png in Resources */ = {isa = PBXBuildFile; fileRef = 7733EBE4177EFAFA007C67A1 /* busStation.png */; };
		7733EBE7177EFD86007C67A1 /* IconForAbout.png in Resources */ = {isa = PBXBuildFile; fileRef = 7733EBE6177EFD86007C67A1 /* IconForAbout.png */; };
		7738C72D17A10CF500E0C167 /* YISplashScreen.m in Sources */ = {isa = PBXBuildFile; fileRef = 7738C72A17A10CF500E0C167 /* YISplashScreen.m */; settings = {COMPILER_FLAGS = "-fobjc-arc -DOS_OBJECT_USE_OBJC=0"; }; };
		7738C72E17A10CF500E0C167 /* YISplashScreenAnimation.m in Sources */ = {isa = PBXBuildFile; fileRef = 7738C72C17A10CF500E0C167 /* YISplashScreenAnimation.m */; settings = {COMPILER_FLAGS = "-fobjc-arc -DOS_OBJECT_USE_OBJC=0"; }; };
		7738C73C17A1215000E0C167 /* Default.png in Resources */ = {isa = PBXBuildFile; fileRef = 7738C73B17A1215000E0C167 /* Default.png */; };
		7738C73E17A1215600E0C167 /* Default@2x.png in Resources */ = {isa = PBXBuildFile; fileRef = 7738C73D17A1215500E0C167 /* Default@2x.png */; };
		7738C74017A1215B00E0C167 /* Default-568h@2x.png in Resources */ = {isa = PBXBuildFile; fileRef = 7738C73F17A1215B00E0C167 /* Default-568h@2x.png */; };
		7738C74317A1359F00E0C167 /* LaunchSettingController.m in Sources */ = {isa = PBXBuildFile; fileRef = 7738C74217A1359F00E0C167 /* LaunchSettingController.m */; };
		773BCCB71773DB540099460A /* busQuery.png in Resources */ = {isa = PBXBuildFile; fileRef = 773BCCB61773DB540099460A /* busQuery.png */; };
		773BCCB91773DC3C0099460A /* setting.png in Resources */ = {isa = PBXBuildFile; fileRef = 773BCCB81773DC3C0099460A /* setting.png */; };
		773BCCBB1773DD650099460A /* busZoom.png in Resources */ = {isa = PBXBuildFile; fileRef = 773BCCBA1773DD650099460A /* busZoom.png */; };
		773BCCBD1773E3160099460A /* about.png in Resources */ = {isa = PBXBuildFile; fileRef = 773BCCBC1773E3160099460A /* about.png */; };
		773C55271794DC5A00C6847B /* AppAd.jpeg in Resources */ = {isa = PBXBuildFile; fileRef = 773C55261794DC5A00C6847B /* AppAd.jpeg */; };
		7740B1CA1748AFC800D98529 /* UIKit.framework in Frameworks */ = {isa = PBXBuildFile; fileRef = 7740B1C91748AFC800D98529 /* UIKit.framework */; };
		7740B1CC1748AFC800D98529 /* Foundation.framework in Frameworks */ = {isa = PBXBuildFile; fileRef = 7740B1CB1748AFC800D98529 /* Foundation.framework */; };
		7740B1D41748AFC800D98529 /* InfoPlist.strings in Resources */ = {isa = PBXBuildFile; fileRef = 7740B1D21748AFC800D98529 /* InfoPlist.strings */; };
		7740B1D61748AFC800D98529 /* main.m in Sources */ = {isa = PBXBuildFile; fileRef = 7740B1D51748AFC800D98529 /* main.m */; };
		7740B1DA1748AFC800D98529 /* AppDelegate.m in Sources */ = {isa = PBXBuildFile; fileRef = 7740B1D91748AFC800D98529 /* AppDelegate.m */; };
		7740B1EE1748B4DB00D98529 /* BaseController.m in Sources */ = {isa = PBXBuildFile; fileRef = 7740B1ED1748B4DB00D98529 /* BaseController.m */; };
		7740B1F11748B4F900D98529 /* MenuContainerController.m in Sources */ = {isa = PBXBuildFile; fileRef = 7740B1F01748B4F900D98529 /* MenuContainerController.m */; };
		7742E155176955720032BE9B /* ConfigCategoryDao.m in Sources */ = {isa = PBXBuildFile; fileRef = 7742E154176955720032BE9B /* ConfigCategoryDao.m */; };
		7742E158176955A10032BE9B /* ConfigItemDao.m in Sources */ = {isa = PBXBuildFile; fileRef = 7742E157176955A10032BE9B /* ConfigItemDao.m */; };
		7742E15B17698DEE0032BE9B /* BasicDataOperation.m in Sources */ = {isa = PBXBuildFile; fileRef = 7742E15A17698DEE0032BE9B /* BasicDataOperation.m */; };
		7742E15E1769BE1D0032BE9B /* favoriteBtn_highlight.png in Resources */ = {isa = PBXBuildFile; fileRef = 7742E15C1769BE1D0032BE9B /* favoriteBtn_highlight.png */; };
		7742E15F1769BE1D0032BE9B /* favoriteBtn_normal.png in Resources */ = {isa = PBXBuildFile; fileRef = 7742E15D1769BE1D0032BE9B /* favoriteBtn_normal.png */; };
		77450B65176FEB8A003BE8D1 /* RefreshFrequencyController.m in Sources */ = {isa = PBXBuildFile; fileRef = 77450B64176FEB8A003BE8D1 /* RefreshFrequencyController.m */; };
		77450B67176FF34B003BE8D1 /* backBtn.png in Resources */ = {isa = PBXBuildFile; fileRef = 77450B66176FF34B003BE8D1 /* backBtn.png */; };
		77450B69176FFDD9003BE8D1 /* menuBtn.png in Resources */ = {isa = PBXBuildFile; fileRef = 77450B68176FFDD9003BE8D1 /* menuBtn.png */; };
		77450B751770538C003BE8D1 /* submitBtn.png in Resources */ = {isa = PBXBuildFile; fileRef = 77450B741770538C003BE8D1 /* submitBtn.png */; };
		7748099F179FA23600164E24 /* cover.png in Resources */ = {isa = PBXBuildFile; fileRef = 7748099E179FA23600164E24 /* cover.png */; };
		774C36001782B72400809466 /* hybrid_hl.png in Resources */ = {isa = PBXBuildFile; fileRef = 774C35FA1782B72400809466 /* hybrid_hl.png */; };
		774C36011782B72400809466 /* hybrid.png in Resources */ = {isa = PBXBuildFile; fileRef = 774C35FB1782B72400809466 /* hybrid.png */; };
		774C36021782B72400809466 /* normal_hl.png in Resources */ = {isa = PBXBuildFile; fileRef = 774C35FC1782B72400809466 /* normal_hl.png */; };
		774C36031782B72400809466 /* normal.png in Resources */ = {isa = PBXBuildFile; fileRef = 774C35FD1782B72400809466 /* normal.png */; };
		774C36041782B72400809466 /* terrain_hl.png in Resources */ = {isa = PBXBuildFile; fileRef = 774C35FE1782B72400809466 /* terrain_hl.png */; };
		774C36051782B72400809466 /* terrain.png in Resources */ = {isa = PBXBuildFile; fileRef = 774C35FF1782B72400809466 /* terrain.png */; };
		774C360B1782D01A00809466 /* marker_car.png in Resources */ = {isa = PBXBuildFile; fileRef = 774C360A1782D01A00809466 /* marker_car.png */; };
		7767F2C6177D3ADE002B46C9 /* busPlaceHolder.png in Resources */ = {isa = PBXBuildFile; fileRef = 7767F2C5177D3ADE002B46C9 /* busPlaceHolder.png */; };
		7767F2CC177D6488002B46C9 /* iconPlaceHolder.png in Resources */ = {isa = PBXBuildFile; fileRef = 7767F2CB177D6488002B46C9 /* iconPlaceHolder.png */; };
		776B4820176F0EA200475EE5 /* refreshBtn.png in Resources */ = {isa = PBXBuildFile; fileRef = 776B481F176F0EA200475EE5 /* refreshBtn.png */; };
		776EB85A1781706700CCF0A0 /* libWeChatSDK_armv7_armv7s.a in Frameworks */ = {isa = PBXBuildFile; fileRef = 776EB8591781706700CCF0A0 /* libWeChatSDK_armv7_armv7s.a */; };
		776EDC0F178D578100BAC375 /* UIImage+Utility.m in Sources */ = {isa = PBXBuildFile; fileRef = 776EDC0E178D578100BAC375 /* UIImage+Utility.m */; };
		776FDD131777DB890058595E /* iBusTool.m in Sources */ = {isa = PBXBuildFile; fileRef = 776FDD121777DB890058595E /* iBusTool.m */; };
		776FDD171777E1EA0058595E /* ChinesePinYinAddress.m in Sources */ = {isa = PBXBuildFile; fileRef = 776FDD161777E1EA0058595E /* ChinesePinYinAddress.m */; };
		776FDD1B1777EDC30058595E /* deleteBtn.png in Resources */ = {isa = PBXBuildFile; fileRef = 776FDD1A1777EDC30058595E /* deleteBtn.png */; };
		776FDD201778147F0058595E /* ShareToSinaWeiboOperation.m in Sources */ = {isa = PBXBuildFile; fileRef = 776FDD1F1778147F0058595E /* ShareToSinaWeiboOperation.m */; };
		776FDD23177814960058595E /* ShareToWeixinOperation.m in Sources */ = {isa = PBXBuildFile; fileRef = 776FDD22177814960058595E /* ShareToWeixinOperation.m */; };
		776FDD26177857330058595E /* ExtensionMethods.m in Sources */ = {isa = PBXBuildFile; fileRef = 776FDD25177857330058595E /* ExtensionMethods.m */; };
		776FDD2817785C530058595E /* atBtn.png in Resources */ = {isa = PBXBuildFile; fileRef = 776FDD2717785C530058595E /* atBtn.png */; };
		777193E5177AB9B400F4E546 /* sendBtn.png in Resources */ = {isa = PBXBuildFile; fileRef = 777193E4177AB9B200F4E546 /* sendBtn.png */; };
		777193E7177AC50000F4E546 /* closeBtn.png in Resources */ = {isa = PBXBuildFile; fileRef = 777193E6177AC4FE00F4E546 /* closeBtn.png */; };
		777193EE177AD2C100F4E546 /* collectionBtn.png in Resources */ = {isa = PBXBuildFile; fileRef = 777193EC177AD2BF00F4E546 /* collectionBtn.png */; };
		777193EF177AD2C100F4E546 /* collectionedBtn.png in Resources */ = {isa = PBXBuildFile; fileRef = 777193ED177AD2BF00F4E546 /* collectionedBtn.png */; };
		777193F4177AD96D00F4E546 /* arrowStation.png in Resources */ = {isa = PBXBuildFile; fileRef = 777193F1177AD96B00F4E546 /* arrowStation.png */; };
		777193F5177AD96D00F4E546 /* arrowStation@2x.png in Resources */ = {isa = PBXBuildFile; fileRef = 777193F2177AD96B00F4E546 /* arrowStation@2x.png */; };
		7777363D1793E95D00DA2BCB /* ThemeResource in Resources */ = {isa = PBXBuildFile; fileRef = 7777363C1793E95D00DA2BCB /* ThemeResource */; };
		778546E2176465830020AE10 /* stationBusMarker.png in Resources */ = {isa = PBXBuildFile; fileRef = 778546E1176465830020AE10 /* stationBusMarker.png */; };
		77A9A6BF1750A2A300263B54 /* EGORefreshTableHeaderView.m in Sources */ = {isa = PBXBuildFile; fileRef = 77A9A6BC1750A2A300263B54 /* EGORefreshTableHeaderView.m */; };
		77A9A6C01750A2A300263B54 /* LoadMoreTableFooterView.m in Sources */ = {isa = PBXBuildFile; fileRef = 77A9A6BE1750A2A300263B54 /* LoadMoreTableFooterView.m */; };
		77A9A6C41750A2DC00263B54 /* ELTableViewController.m in Sources */ = {isa = PBXBuildFile; fileRef = 77A9A6C31750A2DC00263B54 /* ELTableViewController.m */; };
		77A9A6D11750ACAB00263B54 /* back_icon.png in Resources */ = {isa = PBXBuildFile; fileRef = 77A9A6C71750ACAB00263B54 /* back_icon.png */; };
		77A9A6D21750ACAB00263B54 /* back_icon@2x.png in Resources */ = {isa = PBXBuildFile; fileRef = 77A9A6C81750ACAB00263B54 /* back_icon@2x.png */; };
		77A9A6D31750ACAB00263B54 /* blackArrow.png in Resources */ = {isa = PBXBuildFile; fileRef = 77A9A6C91750ACAB00263B54 /* blackArrow.png */; };
		77A9A6D41750ACAB00263B54 /* blackArrow@2x.png in Resources */ = {isa = PBXBuildFile; fileRef = 77A9A6CA1750ACAB00263B54 /* blackArrow@2x.png */; };
		77A9A6D51750ACAB00263B54 /* blueArrow.png in Resources */ = {isa = PBXBuildFile; fileRef = 77A9A6CB1750ACAB00263B54 /* blueArrow.png */; };
		77A9A6D61750ACAB00263B54 /* blueArrow@2x.png in Resources */ = {isa = PBXBuildFile; fileRef = 77A9A6CC1750ACAB00263B54 /* blueArrow@2x.png */; };
		77A9A6D71750ACAB00263B54 /* grayArrow.png in Resources */ = {isa = PBXBuildFile; fileRef = 77A9A6CD1750ACAB00263B54 /* grayArrow.png */; };
		77A9A6D81750ACAB00263B54 /* grayArrow@2x.png in Resources */ = {isa = PBXBuildFile; fileRef = 77A9A6CE1750ACAB00263B54 /* grayArrow@2x.png */; };
		77A9A6D91750ACAB00263B54 /* whiteArrow.png in Resources */ = {isa = PBXBuildFile; fileRef = 77A9A6CF1750ACAB00263B54 /* whiteArrow.png */; };
		77A9A6DA1750ACAB00263B54 /* whiteArrow@2x.png in Resources */ = {isa = PBXBuildFile; fileRef = 77A9A6D01750ACAB00263B54 /* whiteArrow@2x.png */; };
		77A9A6DE1750ADE700263B54 /* IconDownloader.m in Sources */ = {isa = PBXBuildFile; fileRef = 77A9A6DD1750ADE700263B54 /* IconDownloader.m */; };
		77A9A6E71750AF6100263B54 /* CoreGraphics.framework in Frameworks */ = {isa = PBXBuildFile; fileRef = 7740B1CD1748AFC800D98529 /* CoreGraphics.framework */; };
		77A9A6E91750AFCF00263B54 /* QuartzCore.framework in Frameworks */ = {isa = PBXBuildFile; fileRef = 77A9A6E81750AFCE00263B54 /* QuartzCore.framework */; };
		77A9A6EC1750C3DE00263B54 /* StationMapInfoController.m in Sources */ = {isa = PBXBuildFile; fileRef = 77A9A6EB1750C3DE00263B54 /* StationMapInfoController.m */; };
		77A9A6EF1750C63A00263B54 /* StationListController.m in Sources */ = {isa = PBXBuildFile; fileRef = 77A9A6EE1750C63A00263B54 /* StationListController.m */; };
		77C481F41759C39700AA00A3 /* mapBtn.png in Resources */ = {isa = PBXBuildFile; fileRef = 77C481F31759C39700AA00A3 /* mapBtn.png */; };
		77C481F8175A2AAB00AA00A3 /* MapHelper.m in Sources */ = {isa = PBXBuildFile; fileRef = 77C481F7175A2AAB00AA00A3 /* MapHelper.m */; };
		77D31AB717746D240012B816 /* SharedToSinaWeiboController.m in Sources */ = {isa = PBXBuildFile; fileRef = 77D31AB617746D240012B816 /* SharedToSinaWeiboController.m */; };
		77D31ABA17746D3D0012B816 /* SharedToWeixinController.m in Sources */ = {isa = PBXBuildFile; fileRef = 77D31AB917746D3D0012B816 /* SharedToWeixinController.m */; };
		77DEB0FB1758524D00E93D1D /* StationDao.m in Sources */ = {isa = PBXBuildFile; fileRef = 77DEB0FA1758524D00E93D1D /* StationDao.m */; };
		77DEB0FE175854F600E93D1D /* FetchStationInfoOperation.m in Sources */ = {isa = PBXBuildFile; fileRef = 77DEB0FD175854F600E93D1D /* FetchStationInfoOperation.m */; };
		77DEB10117587C2000E93D1D /* StationListCell.m in Sources */ = {isa = PBXBuildFile; fileRef = 77DEB10017587C2000E93D1D /* StationListCell.m */; };
		77DEB62B175498CC00FD4594 /* BaseCell.m in Sources */ = {isa = PBXBuildFile; fileRef = 77DEB62A175498CC00FD4594 /* BaseCell.m */; };
		77DEB62E175498E700FD4594 /* LineListCell.m in Sources */ = {isa = PBXBuildFile; fileRef = 77DEB62D175498E700FD4594 /* LineListCell.m */; };
		77DEB63A1754AA3100FD4594 /* arrow_left.png in Resources */ = {isa = PBXBuildFile; fileRef = 77DEB6381754AA3100FD4594 /* arrow_left.png */; };
		77DEB63D1754AB2600FD4594 /* arrow_right.png in Resources */ = {isa = PBXBuildFile; fileRef = 77DEB63C1754AB2600FD4594 /* arrow_right.png */; };
		77E623A917A24FD3003E269F /* BusDB.db in Resources */ = {isa = PBXBuildFile; fileRef = 77E623A817A24FD3003E269F /* BusDB.db */; };
		77E623E417A29104003E269F /* iflyMSC.framework in Frameworks */ = {isa = PBXBuildFile; fileRef = 77E623E317A29104003E269F /* iflyMSC.framework */; };
		77E623E617A29114003E269F /* SystemConfiguration.framework in Frameworks */ = {isa = PBXBuildFile; fileRef = 77E623E517A29114003E269F /* SystemConfiguration.framework */; };
		77E623E817A29125003E269F /* AudioToolbox.framework in Frameworks */ = {isa = PBXBuildFile; fileRef = 77E623E717A29125003E269F /* AudioToolbox.framework */; };
		77E623EA17A29134003E269F /* libz.1.2.5.dylib in Frameworks */ = {isa = PBXBuildFile; fileRef = 77E623E917A29134003E269F /* libz.1.2.5.dylib */; };
		77E623EC17A29195003E269F /* AddressBook.framework in Frameworks */ = {isa = PBXBuildFile; fileRef = 77E623EB17A29195003E269F /* AddressBook.framework */; };
		77E71A431765DF6500120F92 /* FavoriteListController.m in Sources */ = {isa = PBXBuildFile; fileRef = 77E71A421765DF6500120F92 /* FavoriteListController.m */; };
		77E71A471765DFAD00120F92 /* SettingController.m in Sources */ = {isa = PBXBuildFile; fileRef = 77E71A461765DFAD00120F92 /* SettingController.m */; };
		77E71A4B1765E41300120F92 /* AboutController.m in Sources */ = {isa = PBXBuildFile; fileRef = 77E71A4A1765E41300120F92 /* AboutController.m */; };
		77EABAAB174A3935006C9E03 /* BusQueryController.m in Sources */ = {isa = PBXBuildFile; fileRef = 77EABAAA174A3935006C9E03 /* BusQueryController.m */; };
		77EEE713179B88D30013784E /* NYPopover.m in Sources */ = {isa = PBXBuildFile; fileRef = 77EEE710179B88D30013784E /* NYPopover.m */; settings = {COMPILER_FLAGS = "-fobjc-arc -DOS_OBJECT_USE_OBJC=0"; }; };
		77EEE714179B88D30013784E /* NYSliderPopover.m in Sources */ = {isa = PBXBuildFile; fileRef = 77EEE712179B88D30013784E /* NYSliderPopover.m */; settings = {COMPILER_FLAGS = "-fobjc-arc -DOS_OBJECT_USE_OBJC=0"; }; };
		77F0E3181753276A00F4C748 /* BaseOperation.m in Sources */ = {isa = PBXBuildFile; fileRef = 77F0E3171753276A00F4C748 /* BaseOperation.m */; };
		77F0E31B175327B300F4C748 /* FetchLineInfoOperation.m in Sources */ = {isa = PBXBuildFile; fileRef = 77F0E31A175327B300F4C748 /* FetchLineInfoOperation.m */; };
		77F2226F17993218006D378B /* ThemeSettingController.m in Sources */ = {isa = PBXBuildFile; fileRef = 77F2226E17993218006D378B /* ThemeSettingController.m */; };
		77F31D8D17ADFBA900C08749 /* AudioSettingController.m in Sources */ = {isa = PBXBuildFile; fileRef = 77F31D8C17ADFBA900C08749 /* AudioSettingController.m */; };
		77FDD8E51761ED8D001E5A77 /* LineDynamicStateController.m in Sources */ = {isa = PBXBuildFile; fileRef = 77FDD8E41761ED8D001E5A77 /* LineDynamicStateController.m */; };
/* End PBXBuildFile section */

/* Begin PBXFileReference section */
		7715B54E1751FD82002B4487 /* LineDao.h */ = {isa = PBXFileReference; fileEncoding = 4; lastKnownFileType = sourcecode.c.h; path = LineDao.h; sourceTree = "<group>"; };
		7715B54F1751FD82002B4487 /* LineDao.m */ = {isa = PBXFileReference; fileEncoding = 4; lastKnownFileType = sourcecode.c.objc; path = LineDao.m; sourceTree = "<group>"; };
		7715B5511752004F002B4487 /* CREATE_SQL.h */ = {isa = PBXFileReference; fileEncoding = 4; lastKnownFileType = sourcecode.c.h; path = CREATE_SQL.h; sourceTree = "<group>"; };
		7715B55217520B07002B4487 /* DBHelper.h */ = {isa = PBXFileReference; fileEncoding = 4; lastKnownFileType = sourcecode.c.h; path = DBHelper.h; sourceTree = "<group>"; };
		7715B55317520B07002B4487 /* DBHelper.m */ = {isa = PBXFileReference; fileEncoding = 4; lastKnownFileType = sourcecode.c.objc; path = DBHelper.m; sourceTree = "<group>"; };
		772342E917759518004496F2 /* PublishBaseController.h */ = {isa = PBXFileReference; fileEncoding = 4; lastKnownFileType = sourcecode.c.h; path = PublishBaseController.h; sourceTree = "<group>"; };
		772342EA17759518004496F2 /* PublishBaseController.m */ = {isa = PBXFileReference; fileEncoding = 4; lastKnownFileType = sourcecode.c.objc; path = PublishBaseController.m; sourceTree = "<group>"; };
		772342ED1775968B004496F2 /* UIPlaceHolderTextView.h */ = {isa = PBXFileReference; fileEncoding = 4; lastKnownFileType = sourcecode.c.h; path = UIPlaceHolderTextView.h; sourceTree = "<group>"; };
		772342EE1775968B004496F2 /* UIPlaceHolderTextView.m */ = {isa = PBXFileReference; fileEncoding = 4; lastKnownFileType = sourcecode.c.objc; path = UIPlaceHolderTextView.m; sourceTree = "<group>"; };
		772342F01775970E004496F2 /* ClickableLabel.h */ = {isa = PBXFileReference; fileEncoding = 4; lastKnownFileType = sourcecode.c.h; path = ClickableLabel.h; sourceTree = "<group>"; };
		772342F11775970E004496F2 /* ClickableLabel.m */ = {isa = PBXFileReference; fileEncoding = 4; lastKnownFileType = sourcecode.c.objc; path = ClickableLabel.m; sourceTree = "<group>"; };
		772342F31775986C004496F2 /* UIControl+BlockKits.h */ = {isa = PBXFileReference; fileEncoding = 4; lastKnownFileType = sourcecode.c.h; path = "UIControl+BlockKits.h"; sourceTree = "<group>"; };
		772342F41775986C004496F2 /* UIControl+BlockKits.m */ = {isa = PBXFileReference; fileEncoding = 4; lastKnownFileType = sourcecode.c.objc; path = "UIControl+BlockKits.m"; sourceTree = "<group>"; };
		7723431D1775A9DF004496F2 /* ShareOperation.h */ = {isa = PBXFileReference; fileEncoding = 4; lastKnownFileType = sourcecode.c.h; path = ShareOperation.h; sourceTree = "<group>"; };
		7723431E1775A9DF004496F2 /* ShareOperation.m */ = {isa = PBXFileReference; fileEncoding = 4; lastKnownFileType = sourcecode.c.objc; path = ShareOperation.m; sourceTree = "<group>"; };
		772343221775AB01004496F2 /* FollowedSinaweiboController.h */ = {isa = PBXFileReference; fileEncoding = 4; lastKnownFileType = sourcecode.c.h; path = FollowedSinaweiboController.h; sourceTree = "<group>"; };
		772343231775AB01004496F2 /* FollowedSinaweiboController.m */ = {isa = PBXFileReference; fileEncoding = 4; lastKnownFileType = sourcecode.c.objc; path = FollowedSinaweiboController.m; sourceTree = "<group>"; };
		7723464F1775AD59004496F2 /* RelationshipCell.h */ = {isa = PBXFileReference; fileEncoding = 4; lastKnownFileType = sourcecode.c.h; path = RelationshipCell.h; sourceTree = "<group>"; };
		772346501775AD59004496F2 /* RelationshipCell.m */ = {isa = PBXFileReference; fileEncoding = 4; lastKnownFileType = sourcecode.c.objc; path = RelationshipCell.m; sourceTree = "<group>"; };
		77248C8F177C267B001FEF08 /* Icon.png */ = {isa = PBXFileReference; lastKnownFileType = image.png; path = Icon.png; sourceTree = "<group>"; };
		77248C91177C26BD001FEF08 /* Icon@2x.png */ = {isa = PBXFileReference; lastKnownFileType = image.png; path = "Icon@2x.png"; sourceTree = "<group>"; };
		77248C93177C29EF001FEF08 /* arrowStation-568h@2x.png */ = {isa = PBXFileReference; lastKnownFileType = image.png; path = "arrowStation-568h@2x.png"; sourceTree = "<group>"; };
		77284E541772947A0083CBED /* shareBtn.png */ = {isa = PBXFileReference; lastKnownFileType = image.png; path = shareBtn.png; sourceTree = "<group>"; };
		77284E561772D9590083CBED /* AboutDeveloperController.h */ = {isa = PBXFileReference; fileEncoding = 4; lastKnownFileType = sourcecode.c.h; path = AboutDeveloperController.h; sourceTree = "<group>"; };
		77284E571772D9590083CBED /* AboutDeveloperController.m */ = {isa = PBXFileReference; fileEncoding = 4; lastKnownFileType = sourcecode.c.objc; path = AboutDeveloperController.m; sourceTree = "<group>"; };
		77284E5C1772D9940083CBED /* ShareController.h */ = {isa = PBXFileReference; fileEncoding = 4; lastKnownFileType = sourcecode.c.h; path = ShareController.h; sourceTree = "<group>"; };
		77284E5D1772D9940083CBED /* ShareController.m */ = {isa = PBXFileReference; fileEncoding = 4; lastKnownFileType = sourcecode.c.objc; path = ShareController.m; sourceTree = "<group>"; };
		772A63331755C06300FBF5E6 /* FolderCoverView.h */ = {isa = PBXFileReference; fileEncoding = 4; lastKnownFileType = sourcecode.c.h; path = FolderCoverView.h; sourceTree = "<group>"; };
		772A63341755C06300FBF5E6 /* FolderCoverView.m */ = {isa = PBXFileReference; fileEncoding = 4; lastKnownFileType = sourcecode.c.objc; path = FolderCoverView.m; sourceTree = "<group>"; };
		772A63351755C06300FBF5E6 /* UIFolderTableView.h */ = {isa = PBXFileReference; fileEncoding = 4; lastKnownFileType = sourcecode.c.h; path = UIFolderTableView.h; sourceTree = "<group>"; };
		772A63361755C06300FBF5E6 /* UIFolderTableView.m */ = {isa = PBXFileReference; fileEncoding = 4; lastKnownFileType = sourcecode.c.objc; path = UIFolderTableView.m; sourceTree = "<group>"; };
		772A63371755C06300FBF5E6 /* UIView+screenshot.h */ = {isa = PBXFileReference; fileEncoding = 4; lastKnownFileType = sourcecode.c.h; path = "UIView+screenshot.h"; sourceTree = "<group>"; };
		772A63381755C06300FBF5E6 /* UIView+screenshot.m */ = {isa = PBXFileReference; fileEncoding = 4; lastKnownFileType = sourcecode.c.objc; path = "UIView+screenshot.m"; sourceTree = "<group>"; };
		772A633C1755C24500FBF5E6 /* LineListController.h */ = {isa = PBXFileReference; fileEncoding = 4; lastKnownFileType = sourcecode.c.h; path = LineListController.h; sourceTree = "<group>"; };
		772A633D1755C24500FBF5E6 /* LineListController.m */ = {isa = PBXFileReference; fileEncoding = 4; lastKnownFileType = sourcecode.c.objc; path = LineListController.m; sourceTree = "<group>"; };
		772A633F1755C36200FBF5E6 /* SubLineViewController.h */ = {isa = PBXFileReference; fileEncoding = 4; lastKnownFileType = sourcecode.c.h; path = SubLineViewController.h; sourceTree = "<group>"; };
		772A63401755C36200FBF5E6 /* SubLineViewController.m */ = {isa = PBXFileReference; fileEncoding = 4; lastKnownFileType = sourcecode.c.objc; path = SubLineViewController.m; sourceTree = "<group>"; };
		772A63421755F08500FBF5E6 /* DownAccessory.png */ = {isa = PBXFileReference; lastKnownFileType = image.png; path = DownAccessory.png; sourceTree = "<group>"; };
		772A63431755F08500FBF5E6 /* DownAccessory@2x.png */ = {isa = PBXFileReference; lastKnownFileType = image.png; path = "DownAccessory@2x.png"; sourceTree = "<group>"; };
		772A63441755F08500FBF5E6 /* UpAccessory.png */ = {isa = PBXFileReference; lastKnownFileType = image.png; path = UpAccessory.png; sourceTree = "<group>"; };
		772A63451755F08500FBF5E6 /* UpAccessory@2x.png */ = {isa = PBXFileReference; lastKnownFileType = image.png; path = "UpAccessory@2x.png"; sourceTree = "<group>"; };
		772A634E1756181A00FBF5E6 /* map.png */ = {isa = PBXFileReference; lastKnownFileType = image.png; path = map.png; sourceTree = "<group>"; };
		772A6351175618EB00FBF5E6 /* friends.png */ = {isa = PBXFileReference; lastKnownFileType = image.png; path = friends.png; sourceTree = "<group>"; };
		772B1A1E17900D960085387C /* lineListGuide.png */ = {isa = PBXFileReference; lastKnownFileType = image.png; path = lineListGuide.png; sourceTree = "<group>"; };
		772FEFDA179A92B500AD51E2 /* ThemeManager.h */ = {isa = PBXFileReference; fileEncoding = 4; lastKnownFileType = sourcecode.c.h; path = ThemeManager.h; sourceTree = "<group>"; };
		772FEFDB179A92B500AD51E2 /* ThemeManager.m */ = {isa = PBXFileReference; fileEncoding = 4; lastKnownFileType = sourcecode.c.objc; path = ThemeManager.m; sourceTree = "<group>"; };
		7733EBD6177E7623007C67A1 /* MessageUI.framework */ = {isa = PBXFileReference; lastKnownFileType = wrapper.framework; name = MessageUI.framework; path = System/Library/Frameworks/MessageUI.framework; sourceTree = SDKROOT; };
		7733EBDE177EA32A007C67A1 /* checked.png */ = {isa = PBXFileReference; lastKnownFileType = image.png; path = checked.png; sourceTree = "<group>"; };
		7733EBDF177EA32A007C67A1 /* unchecked.png */ = {isa = PBXFileReference; lastKnownFileType = image.png; path = unchecked.png; sourceTree = "<group>"; };
		7733EBE4177EFAFA007C67A1 /* busStation.png */ = {isa = PBXFileReference; lastKnownFileType = image.png; path = busStation.png; sourceTree = "<group>"; };
		7733EBE6177EFD86007C67A1 /* IconForAbout.png */ = {isa = PBXFileReference; lastKnownFileType = image.png; path = IconForAbout.png; sourceTree = "<group>"; };
		7738C72917A10CF500E0C167 /* YISplashScreen.h */ = {isa = PBXFileReference; fileEncoding = 4; lastKnownFileType = sourcecode.c.h; path = YISplashScreen.h; sourceTree = "<group>"; };
		7738C72A17A10CF500E0C167 /* YISplashScreen.m */ = {isa = PBXFileReference; fileEncoding = 4; lastKnownFileType = sourcecode.c.objc; path = YISplashScreen.m; sourceTree = "<group>"; };
		7738C72B17A10CF500E0C167 /* YISplashScreenAnimation.h */ = {isa = PBXFileReference; fileEncoding = 4; lastKnownFileType = sourcecode.c.h; path = YISplashScreenAnimation.h; sourceTree = "<group>"; };
		7738C72C17A10CF500E0C167 /* YISplashScreenAnimation.m */ = {isa = PBXFileReference; fileEncoding = 4; lastKnownFileType = sourcecode.c.objc; path = YISplashScreenAnimation.m; sourceTree = "<group>"; };
		7738C73B17A1215000E0C167 /* Default.png */ = {isa = PBXFileReference; lastKnownFileType = image.png; name = Default.png; path = ../Default.png; sourceTree = "<group>"; };
		7738C73D17A1215500E0C167 /* Default@2x.png */ = {isa = PBXFileReference; lastKnownFileType = image.png; name = "Default@2x.png"; path = "../Default@2x.png"; sourceTree = "<group>"; };
		7738C73F17A1215B00E0C167 /* Default-568h@2x.png */ = {isa = PBXFileReference; lastKnownFileType = image.png; name = "Default-568h@2x.png"; path = "../Default-568h@2x.png"; sourceTree = "<group>"; };
		7738C74117A1359F00E0C167 /* LaunchSettingController.h */ = {isa = PBXFileReference; fileEncoding = 4; lastKnownFileType = sourcecode.c.h; path = LaunchSettingController.h; sourceTree = "<group>"; };
		7738C74217A1359F00E0C167 /* LaunchSettingController.m */ = {isa = PBXFileReference; fileEncoding = 4; lastKnownFileType = sourcecode.c.objc; path = LaunchSettingController.m; sourceTree = "<group>"; };
		773BCCB61773DB540099460A /* busQuery.png */ = {isa = PBXFileReference; lastKnownFileType = image.png; path = busQuery.png; sourceTree = "<group>"; };
		773BCCB81773DC3C0099460A /* setting.png */ = {isa = PBXFileReference; lastKnownFileType = image.png; path = setting.png; sourceTree = "<group>"; };
		773BCCBA1773DD650099460A /* busZoom.png */ = {isa = PBXFileReference; lastKnownFileType = image.png; path = busZoom.png; sourceTree = "<group>"; };
		773BCCBC1773E3160099460A /* about.png */ = {isa = PBXFileReference; lastKnownFileType = image.png; path = about.png; sourceTree = "<group>"; };
		773C55261794DC5A00C6847B /* AppAd.jpeg */ = {isa = PBXFileReference; lastKnownFileType = image.jpeg; path = AppAd.jpeg; sourceTree = "<group>"; };
		7740B1C61748AFC800D98529 /* iBus-iPhone.app */ = {isa = PBXFileReference; explicitFileType = wrapper.application; includeInIndex = 0; path = "iBus-iPhone.app"; sourceTree = BUILT_PRODUCTS_DIR; };
		7740B1C91748AFC800D98529 /* UIKit.framework */ = {isa = PBXFileReference; lastKnownFileType = wrapper.framework; name = UIKit.framework; path = System/Library/Frameworks/UIKit.framework; sourceTree = SDKROOT; };
		7740B1CB1748AFC800D98529 /* Foundation.framework */ = {isa = PBXFileReference; lastKnownFileType = wrapper.framework; name = Foundation.framework; path = System/Library/Frameworks/Foundation.framework; sourceTree = SDKROOT; };
		7740B1CD1748AFC800D98529 /* CoreGraphics.framework */ = {isa = PBXFileReference; lastKnownFileType = wrapper.framework; name = CoreGraphics.framework; path = System/Library/Frameworks/CoreGraphics.framework; sourceTree = SDKROOT; };
		7740B1D11748AFC800D98529 /* iBus-iPhone-Info.plist */ = {isa = PBXFileReference; lastKnownFileType = text.plist.xml; path = "iBus-iPhone-Info.plist"; sourceTree = "<group>"; };
		7740B1D31748AFC800D98529 /* en */ = {isa = PBXFileReference; lastKnownFileType = text.plist.strings; name = en; path = en.lproj/InfoPlist.strings; sourceTree = "<group>"; };
		7740B1D51748AFC800D98529 /* main.m */ = {isa = PBXFileReference; lastKnownFileType = sourcecode.c.objc; path = main.m; sourceTree = "<group>"; };
		7740B1D71748AFC800D98529 /* iBus-iPhone-Prefix.pch */ = {isa = PBXFileReference; lastKnownFileType = sourcecode.c.h; path = "iBus-iPhone-Prefix.pch"; sourceTree = "<group>"; };
		7740B1D81748AFC800D98529 /* AppDelegate.h */ = {isa = PBXFileReference; lastKnownFileType = sourcecode.c.h; path = AppDelegate.h; sourceTree = "<group>"; };
		7740B1D91748AFC800D98529 /* AppDelegate.m */ = {isa = PBXFileReference; lastKnownFileType = sourcecode.c.objc; path = AppDelegate.m; sourceTree = "<group>"; };
		7740B1EC1748B4DB00D98529 /* BaseController.h */ = {isa = PBXFileReference; fileEncoding = 4; lastKnownFileType = sourcecode.c.h; path = BaseController.h; sourceTree = "<group>"; };
		7740B1ED1748B4DB00D98529 /* BaseController.m */ = {isa = PBXFileReference; fileEncoding = 4; lastKnownFileType = sourcecode.c.objc; path = BaseController.m; sourceTree = "<group>"; };
		7740B1EF1748B4F900D98529 /* MenuContainerController.h */ = {isa = PBXFileReference; fileEncoding = 4; lastKnownFileType = sourcecode.c.h; path = MenuContainerController.h; sourceTree = "<group>"; };
		7740B1F01748B4F900D98529 /* MenuContainerController.m */ = {isa = PBXFileReference; fileEncoding = 4; lastKnownFileType = sourcecode.c.objc; path = MenuContainerController.m; sourceTree = "<group>"; };
		7740B1F41748BC5C00D98529 /* GlobalDefinitionForBusiness.h */ = {isa = PBXFileReference; fileEncoding = 4; lastKnownFileType = sourcecode.c.h; path = GlobalDefinitionForBusiness.h; sourceTree = "<group>"; };
		7740B1F51748E4FE00D98529 /* GlobalDefinitionForUI.h */ = {isa = PBXFileReference; fileEncoding = 4; lastKnownFileType = sourcecode.c.h; path = GlobalDefinitionForUI.h; sourceTree = "<group>"; };
		7742E153176955720032BE9B /* ConfigCategoryDao.h */ = {isa = PBXFileReference; fileEncoding = 4; lastKnownFileType = sourcecode.c.h; path = ConfigCategoryDao.h; sourceTree = "<group>"; };
		7742E154176955720032BE9B /* ConfigCategoryDao.m */ = {isa = PBXFileReference; fileEncoding = 4; lastKnownFileType = sourcecode.c.objc; path = ConfigCategoryDao.m; sourceTree = "<group>"; };
		7742E156176955A10032BE9B /* ConfigItemDao.h */ = {isa = PBXFileReference; fileEncoding = 4; lastKnownFileType = sourcecode.c.h; path = ConfigItemDao.h; sourceTree = "<group>"; };
		7742E157176955A10032BE9B /* ConfigItemDao.m */ = {isa = PBXFileReference; fileEncoding = 4; lastKnownFileType = sourcecode.c.objc; path = ConfigItemDao.m; sourceTree = "<group>"; };
		7742E15917698DEE0032BE9B /* BasicDataOperation.h */ = {isa = PBXFileReference; fileEncoding = 4; lastKnownFileType = sourcecode.c.h; path = BasicDataOperation.h; sourceTree = "<group>"; };
		7742E15A17698DEE0032BE9B /* BasicDataOperation.m */ = {isa = PBXFileReference; fileEncoding = 4; lastKnownFileType = sourcecode.c.objc; path = BasicDataOperation.m; sourceTree = "<group>"; };
		7742E15C1769BE1D0032BE9B /* favoriteBtn_highlight.png */ = {isa = PBXFileReference; lastKnownFileType = image.png; path = favoriteBtn_highlight.png; sourceTree = "<group>"; };
		7742E15D1769BE1D0032BE9B /* favoriteBtn_normal.png */ = {isa = PBXFileReference; lastKnownFileType = image.png; path = favoriteBtn_normal.png; sourceTree = "<group>"; };
		77450B63176FEB8A003BE8D1 /* RefreshFrequencyController.h */ = {isa = PBXFileReference; fileEncoding = 4; lastKnownFileType = sourcecode.c.h; path = RefreshFrequencyController.h; sourceTree = "<group>"; };
		77450B64176FEB8A003BE8D1 /* RefreshFrequencyController.m */ = {isa = PBXFileReference; fileEncoding = 4; lastKnownFileType = sourcecode.c.objc; path = RefreshFrequencyController.m; sourceTree = "<group>"; };
		77450B66176FF34B003BE8D1 /* backBtn.png */ = {isa = PBXFileReference; lastKnownFileType = image.png; path = backBtn.png; sourceTree = "<group>"; };
		77450B68176FFDD9003BE8D1 /* menuBtn.png */ = {isa = PBXFileReference; lastKnownFileType = image.png; path = menuBtn.png; sourceTree = "<group>"; };
		77450B741770538C003BE8D1 /* submitBtn.png */ = {isa = PBXFileReference; lastKnownFileType = image.png; path = submitBtn.png; sourceTree = "<group>"; };
		7748099E179FA23600164E24 /* cover.png */ = {isa = PBXFileReference; lastKnownFileType = image.png; path = cover.png; sourceTree = "<group>"; };
		774C35FA1782B72400809466 /* hybrid_hl.png */ = {isa = PBXFileReference; lastKnownFileType = image.png; path = hybrid_hl.png; sourceTree = "<group>"; };
		774C35FB1782B72400809466 /* hybrid.png */ = {isa = PBXFileReference; lastKnownFileType = image.png; path = hybrid.png; sourceTree = "<group>"; };
		774C35FC1782B72400809466 /* normal_hl.png */ = {isa = PBXFileReference; lastKnownFileType = image.png; path = normal_hl.png; sourceTree = "<group>"; };
		774C35FD1782B72400809466 /* normal.png */ = {isa = PBXFileReference; lastKnownFileType = image.png; path = normal.png; sourceTree = "<group>"; };
		774C35FE1782B72400809466 /* terrain_hl.png */ = {isa = PBXFileReference; lastKnownFileType = image.png; path = terrain_hl.png; sourceTree = "<group>"; };
		774C35FF1782B72400809466 /* terrain.png */ = {isa = PBXFileReference; lastKnownFileType = image.png; path = terrain.png; sourceTree = "<group>"; };
		774C360A1782D01A00809466 /* marker_car.png */ = {isa = PBXFileReference; lastKnownFileType = image.png; path = marker_car.png; sourceTree = "<group>"; };
		7767F2C5177D3ADE002B46C9 /* busPlaceHolder.png */ = {isa = PBXFileReference; lastKnownFileType = image.png; path = busPlaceHolder.png; sourceTree = "<group>"; };
		7767F2CB177D6488002B46C9 /* iconPlaceHolder.png */ = {isa = PBXFileReference; lastKnownFileType = image.png; path = iconPlaceHolder.png; sourceTree = "<group>"; };
		776B481F176F0EA200475EE5 /* refreshBtn.png */ = {isa = PBXFileReference; lastKnownFileType = image.png; path = refreshBtn.png; sourceTree = "<group>"; };
		776EB8591781706700CCF0A0 /* libWeChatSDK_armv7_armv7s.a */ = {isa = PBXFileReference; lastKnownFileType = archive.ar; path = libWeChatSDK_armv7_armv7s.a; sourceTree = "<group>"; };
		776EDC0D178D578100BAC375 /* UIImage+Utility.h */ = {isa = PBXFileReference; fileEncoding = 4; lastKnownFileType = sourcecode.c.h; path = "UIImage+Utility.h"; sourceTree = "<group>"; };
		776EDC0E178D578100BAC375 /* UIImage+Utility.m */ = {isa = PBXFileReference; fileEncoding = 4; lastKnownFileType = sourcecode.c.objc; path = "UIImage+Utility.m"; sourceTree = "<group>"; };
		776FDD111777DB890058595E /* iBusTool.h */ = {isa = PBXFileReference; fileEncoding = 4; lastKnownFileType = sourcecode.c.h; path = iBusTool.h; sourceTree = "<group>"; };
		776FDD121777DB890058595E /* iBusTool.m */ = {isa = PBXFileReference; fileEncoding = 4; lastKnownFileType = sourcecode.c.objc; path = iBusTool.m; sourceTree = "<group>"; };
		776FDD151777E1EA0058595E /* ChinesePinYinAddress.h */ = {isa = PBXFileReference; fileEncoding = 4; lastKnownFileType = sourcecode.c.h; path = ChinesePinYinAddress.h; sourceTree = "<group>"; };
		776FDD161777E1EA0058595E /* ChinesePinYinAddress.m */ = {isa = PBXFileReference; fileEncoding = 4; lastKnownFileType = sourcecode.c.objc; path = ChinesePinYinAddress.m; sourceTree = "<group>"; };
		776FDD1A1777EDC30058595E /* deleteBtn.png */ = {isa = PBXFileReference; lastKnownFileType = image.png; path = deleteBtn.png; sourceTree = "<group>"; };
		776FDD1E1778147F0058595E /* ShareToSinaWeiboOperation.h */ = {isa = PBXFileReference; fileEncoding = 4; lastKnownFileType = sourcecode.c.h; path = ShareToSinaWeiboOperation.h; sourceTree = "<group>"; };
		776FDD1F1778147F0058595E /* ShareToSinaWeiboOperation.m */ = {isa = PBXFileReference; fileEncoding = 4; lastKnownFileType = sourcecode.c.objc; path = ShareToSinaWeiboOperation.m; sourceTree = "<group>"; };
		776FDD21177814960058595E /* ShareToWeixinOperation.h */ = {isa = PBXFileReference; fileEncoding = 4; lastKnownFileType = sourcecode.c.h; path = ShareToWeixinOperation.h; sourceTree = "<group>"; };
		776FDD22177814960058595E /* ShareToWeixinOperation.m */ = {isa = PBXFileReference; fileEncoding = 4; lastKnownFileType = sourcecode.c.objc; path = ShareToWeixinOperation.m; sourceTree = "<group>"; };
		776FDD24177857330058595E /* ExtensionMethods.h */ = {isa = PBXFileReference; fileEncoding = 4; lastKnownFileType = sourcecode.c.h; path = ExtensionMethods.h; sourceTree = "<group>"; };
		776FDD25177857330058595E /* ExtensionMethods.m */ = {isa = PBXFileReference; fileEncoding = 4; lastKnownFileType = sourcecode.c.objc; path = ExtensionMethods.m; sourceTree = "<group>"; };
		776FDD2717785C530058595E /* atBtn.png */ = {isa = PBXFileReference; lastKnownFileType = image.png; path = atBtn.png; sourceTree = "<group>"; };
		777193E4177AB9B200F4E546 /* sendBtn.png */ = {isa = PBXFileReference; lastKnownFileType = image.png; path = sendBtn.png; sourceTree = "<group>"; };
		777193E6177AC4FE00F4E546 /* closeBtn.png */ = {isa = PBXFileReference; lastKnownFileType = image.png; path = closeBtn.png; sourceTree = "<group>"; };
		777193EC177AD2BF00F4E546 /* collectionBtn.png */ = {isa = PBXFileReference; lastKnownFileType = image.png; path = collectionBtn.png; sourceTree = "<group>"; };
		777193ED177AD2BF00F4E546 /* collectionedBtn.png */ = {isa = PBXFileReference; lastKnownFileType = image.png; path = collectionedBtn.png; sourceTree = "<group>"; };
		777193F1177AD96B00F4E546 /* arrowStation.png */ = {isa = PBXFileReference; lastKnownFileType = image.png; path = arrowStation.png; sourceTree = "<group>"; };
		777193F2177AD96B00F4E546 /* arrowStation@2x.png */ = {isa = PBXFileReference; lastKnownFileType = image.png; path = "arrowStation@2x.png"; sourceTree = "<group>"; };
		7777363C1793E95D00DA2BCB /* ThemeResource */ = {isa = PBXFileReference; lastKnownFileType = folder; path = ThemeResource; sourceTree = "<group>"; };
		778546E1176465830020AE10 /* stationBusMarker.png */ = {isa = PBXFileReference; lastKnownFileType = image.png; path = stationBusMarker.png; sourceTree = "<group>"; };
		77A9A6BB1750A2A300263B54 /* EGORefreshTableHeaderView.h */ = {isa = PBXFileReference; fileEncoding = 4; lastKnownFileType = sourcecode.c.h; path = EGORefreshTableHeaderView.h; sourceTree = "<group>"; };
		77A9A6BC1750A2A300263B54 /* EGORefreshTableHeaderView.m */ = {isa = PBXFileReference; fileEncoding = 4; lastKnownFileType = sourcecode.c.objc; path = EGORefreshTableHeaderView.m; sourceTree = "<group>"; };
		77A9A6BD1750A2A300263B54 /* LoadMoreTableFooterView.h */ = {isa = PBXFileReference; fileEncoding = 4; lastKnownFileType = sourcecode.c.h; path = LoadMoreTableFooterView.h; sourceTree = "<group>"; };
		77A9A6BE1750A2A300263B54 /* LoadMoreTableFooterView.m */ = {isa = PBXFileReference; fileEncoding = 4; lastKnownFileType = sourcecode.c.objc; path = LoadMoreTableFooterView.m; sourceTree = "<group>"; };
		77A9A6C21750A2DC00263B54 /* ELTableViewController.h */ = {isa = PBXFileReference; fileEncoding = 4; lastKnownFileType = sourcecode.c.h; path = ELTableViewController.h; sourceTree = "<group>"; };
		77A9A6C31750A2DC00263B54 /* ELTableViewController.m */ = {isa = PBXFileReference; fileEncoding = 4; lastKnownFileType = sourcecode.c.objc; path = ELTableViewController.m; sourceTree = "<group>"; };
		77A9A6C71750ACAB00263B54 /* back_icon.png */ = {isa = PBXFileReference; lastKnownFileType = image.png; path = back_icon.png; sourceTree = "<group>"; };
		77A9A6C81750ACAB00263B54 /* back_icon@2x.png */ = {isa = PBXFileReference; lastKnownFileType = image.png; path = "back_icon@2x.png"; sourceTree = "<group>"; };
		77A9A6C91750ACAB00263B54 /* blackArrow.png */ = {isa = PBXFileReference; lastKnownFileType = image.png; path = blackArrow.png; sourceTree = "<group>"; };
		77A9A6CA1750ACAB00263B54 /* blackArrow@2x.png */ = {isa = PBXFileReference; lastKnownFileType = image.png; path = "blackArrow@2x.png"; sourceTree = "<group>"; };
		77A9A6CB1750ACAB00263B54 /* blueArrow.png */ = {isa = PBXFileReference; lastKnownFileType = image.png; path = blueArrow.png; sourceTree = "<group>"; };
		77A9A6CC1750ACAB00263B54 /* blueArrow@2x.png */ = {isa = PBXFileReference; lastKnownFileType = image.png; path = "blueArrow@2x.png"; sourceTree = "<group>"; };
		77A9A6CD1750ACAB00263B54 /* grayArrow.png */ = {isa = PBXFileReference; lastKnownFileType = image.png; path = grayArrow.png; sourceTree = "<group>"; };
		77A9A6CE1750ACAB00263B54 /* grayArrow@2x.png */ = {isa = PBXFileReference; lastKnownFileType = image.png; path = "grayArrow@2x.png"; sourceTree = "<group>"; };
		77A9A6CF1750ACAB00263B54 /* whiteArrow.png */ = {isa = PBXFileReference; lastKnownFileType = image.png; path = whiteArrow.png; sourceTree = "<group>"; };
		77A9A6D01750ACAB00263B54 /* whiteArrow@2x.png */ = {isa = PBXFileReference; lastKnownFileType = image.png; path = "whiteArrow@2x.png"; sourceTree = "<group>"; };
		77A9A6DC1750ADE700263B54 /* IconDownloader.h */ = {isa = PBXFileReference; fileEncoding = 4; lastKnownFileType = sourcecode.c.h; path = IconDownloader.h; sourceTree = "<group>"; };
		77A9A6DD1750ADE700263B54 /* IconDownloader.m */ = {isa = PBXFileReference; fileEncoding = 4; lastKnownFileType = sourcecode.c.objc; path = IconDownloader.m; sourceTree = "<group>"; };
		77A9A6E81750AFCE00263B54 /* QuartzCore.framework */ = {isa = PBXFileReference; lastKnownFileType = wrapper.framework; name = QuartzCore.framework; path = System/Library/Frameworks/QuartzCore.framework; sourceTree = SDKROOT; };
		77A9A6EA1750C3DE00263B54 /* StationMapInfoController.h */ = {isa = PBXFileReference; fileEncoding = 4; lastKnownFileType = sourcecode.c.h; path = StationMapInfoController.h; sourceTree = "<group>"; };
		77A9A6EB1750C3DE00263B54 /* StationMapInfoController.m */ = {isa = PBXFileReference; fileEncoding = 4; lastKnownFileType = sourcecode.c.objc; path = StationMapInfoController.m; sourceTree = "<group>"; };
		77A9A6ED1750C63900263B54 /* StationListController.h */ = {isa = PBXFileReference; fileEncoding = 4; lastKnownFileType = sourcecode.c.h; path = StationListController.h; sourceTree = "<group>"; };
		77A9A6EE1750C63A00263B54 /* StationListController.m */ = {isa = PBXFileReference; fileEncoding = 4; lastKnownFileType = sourcecode.c.objc; path = StationListController.m; sourceTree = "<group>"; };
		77C481F31759C39700AA00A3 /* mapBtn.png */ = {isa = PBXFileReference; lastKnownFileType = image.png; path = mapBtn.png; sourceTree = "<group>"; };
		77C481F51759FB0400AA00A3 /* GlobalDefinitionForMap.h */ = {isa = PBXFileReference; fileEncoding = 4; lastKnownFileType = sourcecode.c.h; path = GlobalDefinitionForMap.h; sourceTree = "<group>"; };
		77C481F6175A2AAB00AA00A3 /* MapHelper.h */ = {isa = PBXFileReference; fileEncoding = 4; lastKnownFileType = sourcecode.c.h; path = MapHelper.h; sourceTree = "<group>"; };
		77C481F7175A2AAB00AA00A3 /* MapHelper.m */ = {isa = PBXFileReference; fileEncoding = 4; lastKnownFileType = sourcecode.c.objc; path = MapHelper.m; sourceTree = "<group>"; };
		77D31AB4177469BE0012B816 /* SNSApiOAuthConst.h */ = {isa = PBXFileReference; fileEncoding = 4; lastKnownFileType = sourcecode.c.h; path = SNSApiOAuthConst.h; sourceTree = "<group>"; };
		77D31AB517746D240012B816 /* SharedToSinaWeiboController.h */ = {isa = PBXFileReference; fileEncoding = 4; lastKnownFileType = sourcecode.c.h; path = SharedToSinaWeiboController.h; sourceTree = "<group>"; };
		77D31AB617746D240012B816 /* SharedToSinaWeiboController.m */ = {isa = PBXFileReference; fileEncoding = 4; lastKnownFileType = sourcecode.c.objc; path = SharedToSinaWeiboController.m; sourceTree = "<group>"; };
		77D31AB817746D3D0012B816 /* SharedToWeixinController.h */ = {isa = PBXFileReference; fileEncoding = 4; lastKnownFileType = sourcecode.c.h; path = SharedToWeixinController.h; sourceTree = "<group>"; };
		77D31AB917746D3D0012B816 /* SharedToWeixinController.m */ = {isa = PBXFileReference; fileEncoding = 4; lastKnownFileType = sourcecode.c.objc; path = SharedToWeixinController.m; sourceTree = "<group>"; };
		77D31ABD17747F460012B816 /* WXApi.h */ = {isa = PBXFileReference; fileEncoding = 4; lastKnownFileType = sourcecode.c.h; path = WXApi.h; sourceTree = "<group>"; };
		77D31ABE17747F460012B816 /* WXApiObject.h */ = {isa = PBXFileReference; fileEncoding = 4; lastKnownFileType = sourcecode.c.h; path = WXApiObject.h; sourceTree = "<group>"; };
		77DEB0F91758524D00E93D1D /* StationDao.h */ = {isa = PBXFileReference; fileEncoding = 4; lastKnownFileType = sourcecode.c.h; path = StationDao.h; sourceTree = "<group>"; };
		77DEB0FA1758524D00E93D1D /* StationDao.m */ = {isa = PBXFileReference; fileEncoding = 4; lastKnownFileType = sourcecode.c.objc; path = StationDao.m; sourceTree = "<group>"; };
		77DEB0FC175854F600E93D1D /* FetchStationInfoOperation.h */ = {isa = PBXFileReference; fileEncoding = 4; lastKnownFileType = sourcecode.c.h; path = FetchStationInfoOperation.h; sourceTree = "<group>"; };
		77DEB0FD175854F600E93D1D /* FetchStationInfoOperation.m */ = {isa = PBXFileReference; fileEncoding = 4; lastKnownFileType = sourcecode.c.objc; path = FetchStationInfoOperation.m; sourceTree = "<group>"; };
		77DEB0FF17587C2000E93D1D /* StationListCell.h */ = {isa = PBXFileReference; fileEncoding = 4; lastKnownFileType = sourcecode.c.h; path = StationListCell.h; sourceTree = "<group>"; };
		77DEB10017587C2000E93D1D /* StationListCell.m */ = {isa = PBXFileReference; fileEncoding = 4; lastKnownFileType = sourcecode.c.objc; path = StationListCell.m; sourceTree = "<group>"; };
		77DEB629175498CC00FD4594 /* BaseCell.h */ = {isa = PBXFileReference; fileEncoding = 4; lastKnownFileType = sourcecode.c.h; path = BaseCell.h; sourceTree = "<group>"; };
		77DEB62A175498CC00FD4594 /* BaseCell.m */ = {isa = PBXFileReference; fileEncoding = 4; lastKnownFileType = sourcecode.c.objc; path = BaseCell.m; sourceTree = "<group>"; };
		77DEB62C175498E700FD4594 /* LineListCell.h */ = {isa = PBXFileReference; fileEncoding = 4; lastKnownFileType = sourcecode.c.h; path = LineListCell.h; sourceTree = "<group>"; };
		77DEB62D175498E700FD4594 /* LineListCell.m */ = {isa = PBXFileReference; fileEncoding = 4; lastKnownFileType = sourcecode.c.objc; path = LineListCell.m; sourceTree = "<group>"; };
		77DEB6381754AA3100FD4594 /* arrow_left.png */ = {isa = PBXFileReference; lastKnownFileType = image.png; path = arrow_left.png; sourceTree = "<group>"; };
		77DEB63C1754AB2600FD4594 /* arrow_right.png */ = {isa = PBXFileReference; lastKnownFileType = image.png; path = arrow_right.png; sourceTree = "<group>"; };
		77E623A817A24FD3003E269F /* BusDB.db */ = {isa = PBXFileReference; lastKnownFileType = file; path = BusDB.db; sourceTree = "<group>"; };
		77E623E317A29104003E269F /* iflyMSC.framework */ = {isa = PBXFileReference; lastKnownFileType = wrapper.framework; name = iflyMSC.framework; path = ../../../IOS/iphone_ui_1.036_51e8e0c1/lib/iflyMSC.framework; sourceTree = "<group>"; };
		77E623E517A29114003E269F /* SystemConfiguration.framework */ = {isa = PBXFileReference; lastKnownFileType = wrapper.framework; name = SystemConfiguration.framework; path = System/Library/Frameworks/SystemConfiguration.framework; sourceTree = SDKROOT; };
		77E623E717A29125003E269F /* AudioToolbox.framework */ = {isa = PBXFileReference; lastKnownFileType = wrapper.framework; name = AudioToolbox.framework; path = System/Library/Frameworks/AudioToolbox.framework; sourceTree = SDKROOT; };
		77E623E917A29134003E269F /* libz.1.2.5.dylib */ = {isa = PBXFileReference; lastKnownFileType = "compiled.mach-o.dylib"; name = libz.1.2.5.dylib; path = usr/lib/libz.1.2.5.dylib; sourceTree = SDKROOT; };
		77E623EB17A29195003E269F /* AddressBook.framework */ = {isa = PBXFileReference; lastKnownFileType = wrapper.framework; name = AddressBook.framework; path = System/Library/Frameworks/AddressBook.framework; sourceTree = SDKROOT; };
		77E71A411765DF6500120F92 /* FavoriteListController.h */ = {isa = PBXFileReference; fileEncoding = 4; lastKnownFileType = sourcecode.c.h; path = FavoriteListController.h; sourceTree = "<group>"; };
		77E71A421765DF6500120F92 /* FavoriteListController.m */ = {isa = PBXFileReference; fileEncoding = 4; lastKnownFileType = sourcecode.c.objc; path = FavoriteListController.m; sourceTree = "<group>"; };
		77E71A451765DFAD00120F92 /* SettingController.h */ = {isa = PBXFileReference; fileEncoding = 4; lastKnownFileType = sourcecode.c.h; path = SettingController.h; sourceTree = "<group>"; };
		77E71A461765DFAD00120F92 /* SettingController.m */ = {isa = PBXFileReference; fileEncoding = 4; lastKnownFileType = sourcecode.c.objc; path = SettingController.m; sourceTree = "<group>"; };
		77E71A491765E41300120F92 /* AboutController.h */ = {isa = PBXFileReference; fileEncoding = 4; lastKnownFileType = sourcecode.c.h; path = AboutController.h; sourceTree = "<group>"; };
		77E71A4A1765E41300120F92 /* AboutController.m */ = {isa = PBXFileReference; fileEncoding = 4; lastKnownFileType = sourcecode.c.objc; path = AboutController.m; sourceTree = "<group>"; };
		77EABAA9174A3935006C9E03 /* BusQueryController.h */ = {isa = PBXFileReference; fileEncoding = 4; lastKnownFileType = sourcecode.c.h; path = BusQueryController.h; sourceTree = "<group>"; };
		77EABAAA174A3935006C9E03 /* BusQueryController.m */ = {isa = PBXFileReference; fileEncoding = 4; lastKnownFileType = sourcecode.c.objc; path = BusQueryController.m; sourceTree = "<group>"; };
		77EEE70F179B88D30013784E /* NYPopover.h */ = {isa = PBXFileReference; fileEncoding = 4; lastKnownFileType = sourcecode.c.h; path = NYPopover.h; sourceTree = "<group>"; };
		77EEE710179B88D30013784E /* NYPopover.m */ = {isa = PBXFileReference; fileEncoding = 4; lastKnownFileType = sourcecode.c.objc; path = NYPopover.m; sourceTree = "<group>"; };
		77EEE711179B88D30013784E /* NYSliderPopover.h */ = {isa = PBXFileReference; fileEncoding = 4; lastKnownFileType = sourcecode.c.h; path = NYSliderPopover.h; sourceTree = "<group>"; };
		77EEE712179B88D30013784E /* NYSliderPopover.m */ = {isa = PBXFileReference; fileEncoding = 4; lastKnownFileType = sourcecode.c.objc; path = NYSliderPopover.m; sourceTree = "<group>"; };
		77F0E3161753276A00F4C748 /* BaseOperation.h */ = {isa = PBXFileReference; fileEncoding = 4; lastKnownFileType = sourcecode.c.h; path = BaseOperation.h; sourceTree = "<group>"; };
		77F0E3171753276A00F4C748 /* BaseOperation.m */ = {isa = PBXFileReference; fileEncoding = 4; lastKnownFileType = sourcecode.c.objc; path = BaseOperation.m; sourceTree = "<group>"; };
		77F0E319175327B300F4C748 /* FetchLineInfoOperation.h */ = {isa = PBXFileReference; fileEncoding = 4; lastKnownFileType = sourcecode.c.h; path = FetchLineInfoOperation.h; sourceTree = "<group>"; };
		77F0E31A175327B300F4C748 /* FetchLineInfoOperation.m */ = {isa = PBXFileReference; fileEncoding = 4; lastKnownFileType = sourcecode.c.objc; path = FetchLineInfoOperation.m; sourceTree = "<group>"; };
		77F2226D17993218006D378B /* ThemeSettingController.h */ = {isa = PBXFileReference; fileEncoding = 4; lastKnownFileType = sourcecode.c.h; path = ThemeSettingController.h; sourceTree = "<group>"; };
		77F2226E17993218006D378B /* ThemeSettingController.m */ = {isa = PBXFileReference; fileEncoding = 4; lastKnownFileType = sourcecode.c.objc; path = ThemeSettingController.m; sourceTree = "<group>"; };
		77F31D8B17ADFBA900C08749 /* AudioSettingController.h */ = {isa = PBXFileReference; fileEncoding = 4; lastKnownFileType = sourcecode.c.h; path = AudioSettingController.h; sourceTree = "<group>"; };
		77F31D8C17ADFBA900C08749 /* AudioSettingController.m */ = {isa = PBXFileReference; fileEncoding = 4; lastKnownFileType = sourcecode.c.objc; path = AudioSettingController.m; sourceTree = "<group>"; };
		77FDD8E31761ED8D001E5A77 /* LineDynamicStateController.h */ = {isa = PBXFileReference; fileEncoding = 4; lastKnownFileType = sourcecode.c.h; path = LineDynamicStateController.h; sourceTree = "<group>"; };
		77FDD8E41761ED8D001E5A77 /* LineDynamicStateController.m */ = {isa = PBXFileReference; fileEncoding = 4; lastKnownFileType = sourcecode.c.objc; path = LineDynamicStateController.m; sourceTree = "<group>"; };
		7DD7B459E986410FA3291522 /* Pods.xcconfig */ = {isa = PBXFileReference; includeInIndex = 1; lastKnownFileType = text.xcconfig; name = Pods.xcconfig; path = Pods/Pods.xcconfig; sourceTree = SOURCE_ROOT; };
		C779380FAA884B0BB973B9B8 /* libPods.a */ = {isa = PBXFileReference; explicitFileType = archive.ar; includeInIndex = 0; path = libPods.a; sourceTree = BUILT_PRODUCTS_DIR; };
/* End PBXFileReference section */

/* Begin PBXFrameworksBuildPhase section */
		7740B1C31748AFC800D98529 /* Frameworks */ = {
			isa = PBXFrameworksBuildPhase;
			buildActionMask = 2147483647;
			files = (
				77E623EC17A29195003E269F /* AddressBook.framework in Frameworks */,
				77E623EA17A29134003E269F /* libz.1.2.5.dylib in Frameworks */,
				77E623E817A29125003E269F /* AudioToolbox.framework in Frameworks */,
				77E623E617A29114003E269F /* SystemConfiguration.framework in Frameworks */,
				77E623E417A29104003E269F /* iflyMSC.framework in Frameworks */,
				7733EBD7177E7623007C67A1 /* MessageUI.framework in Frameworks */,
				77A9A6E91750AFCF00263B54 /* QuartzCore.framework in Frameworks */,
				77A9A6E71750AF6100263B54 /* CoreGraphics.framework in Frameworks */,
				7740B1CA1748AFC800D98529 /* UIKit.framework in Frameworks */,
				7740B1CC1748AFC800D98529 /* Foundation.framework in Frameworks */,
				32D5BB778C5B43F0B93FBB59 /* libPods.a in Frameworks */,
				776EB85A1781706700CCF0A0 /* libWeChatSDK_armv7_armv7s.a in Frameworks */,
			);
			runOnlyForDeploymentPostprocessing = 0;
		};
/* End PBXFrameworksBuildPhase section */

/* Begin PBXGroup section */
		7715B54A1751FBF7002B4487 /* Dao */ = {
			isa = PBXGroup;
			children = (
				7742E153176955720032BE9B /* ConfigCategoryDao.h */,
				7742E154176955720032BE9B /* ConfigCategoryDao.m */,
				7742E156176955A10032BE9B /* ConfigItemDao.h */,
				7742E157176955A10032BE9B /* ConfigItemDao.m */,
				7715B5511752004F002B4487 /* CREATE_SQL.h */,
				7715B54E1751FD82002B4487 /* LineDao.h */,
				7715B54F1751FD82002B4487 /* LineDao.m */,
				77DEB0F91758524D00E93D1D /* StationDao.h */,
				77DEB0FA1758524D00E93D1D /* StationDao.m */,
			);
			name = Dao;
			sourceTree = "<group>";
		};
		772342EC1775964D004496F2 /* CommonViews */ = {
			isa = PBXGroup;
			children = (
				772342F01775970E004496F2 /* ClickableLabel.h */,
				772342F11775970E004496F2 /* ClickableLabel.m */,
				772342ED1775968B004496F2 /* UIPlaceHolderTextView.h */,
				772342EE1775968B004496F2 /* UIPlaceHolderTextView.m */,
			);
			name = CommonViews;
			sourceTree = "<group>";
		};
		7723431B1775A9A7004496F2 /* DataOperation */ = {
			isa = PBXGroup;
			children = (
				77F0E3161753276A00F4C748 /* BaseOperation.h */,
				77F0E3171753276A00F4C748 /* BaseOperation.m */,
				77F0E319175327B300F4C748 /* FetchLineInfoOperation.h */,
				77F0E31A175327B300F4C748 /* FetchLineInfoOperation.m */,
				77DEB0FC175854F600E93D1D /* FetchStationInfoOperation.h */,
				77DEB0FD175854F600E93D1D /* FetchStationInfoOperation.m */,
				7742E15917698DEE0032BE9B /* BasicDataOperation.h */,
				7742E15A17698DEE0032BE9B /* BasicDataOperation.m */,
			);
			name = DataOperation;
			sourceTree = "<group>";
		};
		7723431C1775A9B5004496F2 /* ShareOperation */ = {
			isa = PBXGroup;
			children = (
				7723431D1775A9DF004496F2 /* ShareOperation.h */,
				7723431E1775A9DF004496F2 /* ShareOperation.m */,
				776FDD1E1778147F0058595E /* ShareToSinaWeiboOperation.h */,
				776FDD1F1778147F0058595E /* ShareToSinaWeiboOperation.m */,
				776FDD21177814960058595E /* ShareToWeixinOperation.h */,
				776FDD22177814960058595E /* ShareToWeixinOperation.m */,
			);
			name = ShareOperation;
			sourceTree = "<group>";
		};
		772343201775AAA4004496F2 /* Sinaweibo */ = {
			isa = PBXGroup;
			children = (
				77D31AB517746D240012B816 /* SharedToSinaWeiboController.h */,
				77D31AB617746D240012B816 /* SharedToSinaWeiboController.m */,
				772343221775AB01004496F2 /* FollowedSinaweiboController.h */,
				772343231775AB01004496F2 /* FollowedSinaweiboController.m */,
			);
			name = Sinaweibo;
			sourceTree = "<group>";
		};
		772343211775AAB5004496F2 /* Weixin */ = {
			isa = PBXGroup;
			children = (
				77D31AB817746D3D0012B816 /* SharedToWeixinController.h */,
				77D31AB917746D3D0012B816 /* SharedToWeixinController.m */,
			);
			name = Weixin;
			sourceTree = "<group>";
		};
		772A63321755C03000FBF5E6 /* Floder */ = {
			isa = PBXGroup;
			children = (
				772A63331755C06300FBF5E6 /* FolderCoverView.h */,
				772A63341755C06300FBF5E6 /* FolderCoverView.m */,
				772A63351755C06300FBF5E6 /* UIFolderTableView.h */,
				772A63361755C06300FBF5E6 /* UIFolderTableView.m */,
				772A63371755C06300FBF5E6 /* UIView+screenshot.h */,
				772A63381755C06300FBF5E6 /* UIView+screenshot.m */,
			);
			name = Floder;
			sourceTree = "<group>";
		};
		772A6350175618CB00FBF5E6 /* menuItem */ = {
			isa = PBXGroup;
			children = (
				773BCCBC1773E3160099460A /* about.png */,
				773BCCBA1773DD650099460A /* busZoom.png */,
				773BCCB81773DC3C0099460A /* setting.png */,
				773BCCB61773DB540099460A /* busQuery.png */,
				772A6351175618EB00FBF5E6 /* friends.png */,
				772A634E1756181A00FBF5E6 /* map.png */,
			);
			name = menuItem;
			sourceTree = "<group>";
		};
		77330FC2178BBAB90070D091 /* Extensions */ = {
			isa = PBXGroup;
			children = (
				772342F31775986C004496F2 /* UIControl+BlockKits.h */,
				772342F41775986C004496F2 /* UIControl+BlockKits.m */,
				776FDD24177857330058595E /* ExtensionMethods.h */,
				776FDD25177857330058595E /* ExtensionMethods.m */,
				776EDC0D178D578100BAC375 /* UIImage+Utility.h */,
				776EDC0E178D578100BAC375 /* UIImage+Utility.m */,
			);
			name = Extensions;
			sourceTree = "<group>";
		};
		7738C72817A10CC800E0C167 /* YISplashScreen */ = {
			isa = PBXGroup;
			children = (
				7738C72917A10CF500E0C167 /* YISplashScreen.h */,
				7738C72A17A10CF500E0C167 /* YISplashScreen.m */,
				7738C72B17A10CF500E0C167 /* YISplashScreenAnimation.h */,
				7738C72C17A10CF500E0C167 /* YISplashScreenAnimation.m */,
			);
			name = YISplashScreen;
			sourceTree = "<group>";
		};
		7740B1BD1748AFC800D98529 = {
			isa = PBXGroup;
			children = (
				7740B1CF1748AFC800D98529 /* iBus-iPhone */,
				7740B1C81748AFC800D98529 /* Frameworks */,
				7740B1C71748AFC800D98529 /* Products */,
				7DD7B459E986410FA3291522 /* Pods.xcconfig */,
			);
			sourceTree = "<group>";
		};
		7740B1C71748AFC800D98529 /* Products */ = {
			isa = PBXGroup;
			children = (
				7740B1C61748AFC800D98529 /* iBus-iPhone.app */,
			);
			name = Products;
			sourceTree = "<group>";
		};
		7740B1C81748AFC800D98529 /* Frameworks */ = {
			isa = PBXGroup;
			children = (
				77E623EB17A29195003E269F /* AddressBook.framework */,
				77E623E917A29134003E269F /* libz.1.2.5.dylib */,
				77E623E717A29125003E269F /* AudioToolbox.framework */,
				77E623E517A29114003E269F /* SystemConfiguration.framework */,
				77E623E317A29104003E269F /* iflyMSC.framework */,
				7733EBD6177E7623007C67A1 /* MessageUI.framework */,
				77A9A6E81750AFCE00263B54 /* QuartzCore.framework */,
				7740B1C91748AFC800D98529 /* UIKit.framework */,
				7740B1CB1748AFC800D98529 /* Foundation.framework */,
				7740B1CD1748AFC800D98529 /* CoreGraphics.framework */,
				C779380FAA884B0BB973B9B8 /* libPods.a */,
			);
			name = Frameworks;
			sourceTree = "<group>";
		};
		7740B1CF1748AFC800D98529 /* iBus-iPhone */ = {
			isa = PBXGroup;
			children = (
				77DEB6271754987300FD4594 /* UI */,
				77F0E3141753270000F4C748 /* OperateQueue */,
				7715B54A1751FBF7002B4487 /* Dao */,
				77A9A6C51750AC1000263B54 /* Resources */,
				7740B1F21748BBE300D98529 /* Utility */,
				7740B1E91748B46900D98529 /* Controllers */,
				7740B1D81748AFC800D98529 /* AppDelegate.h */,
				7740B1D91748AFC800D98529 /* AppDelegate.m */,
				7740B1D01748AFC800D98529 /* Supporting Files */,
			);
			path = "iBus-iPhone";
			sourceTree = "<group>";
		};
		7740B1D01748AFC800D98529 /* Supporting Files */ = {
			isa = PBXGroup;
			children = (
				7738C73F17A1215B00E0C167 /* Default-568h@2x.png */,
				7738C73D17A1215500E0C167 /* Default@2x.png */,
				7738C73B17A1215000E0C167 /* Default.png */,
				77248C91177C26BD001FEF08 /* Icon@2x.png */,
				77248C8F177C267B001FEF08 /* Icon.png */,
				776FDD141777E1CC0058595E /* PinyinIndex */,
				7740B1D11748AFC800D98529 /* iBus-iPhone-Info.plist */,
				7740B1D21748AFC800D98529 /* InfoPlist.strings */,
				7740B1D51748AFC800D98529 /* main.m */,
				7740B1D71748AFC800D98529 /* iBus-iPhone-Prefix.pch */,
				77D31AB4177469BE0012B816 /* SNSApiOAuthConst.h */,
			);
			name = "Supporting Files";
			sourceTree = "<group>";
		};
		7740B1E61748B3F000D98529 /* BusQuery */ = {
			isa = PBXGroup;
			children = (
				77EABAA9174A3935006C9E03 /* BusQueryController.h */,
				77EABAAA174A3935006C9E03 /* BusQueryController.m */,
				77A9A6EA1750C3DE00263B54 /* StationMapInfoController.h */,
				77A9A6EB1750C3DE00263B54 /* StationMapInfoController.m */,
				77A9A6ED1750C63900263B54 /* StationListController.h */,
				77A9A6EE1750C63A00263B54 /* StationListController.m */,
				772A633C1755C24500FBF5E6 /* LineListController.h */,
				772A633D1755C24500FBF5E6 /* LineListController.m */,
				772A633F1755C36200FBF5E6 /* SubLineViewController.h */,
				772A63401755C36200FBF5E6 /* SubLineViewController.m */,
				77FDD8E31761ED8D001E5A77 /* LineDynamicStateController.h */,
				77FDD8E41761ED8D001E5A77 /* LineDynamicStateController.m */,
			);
			name = BusQuery;
			sourceTree = "<group>";
		};
		7740B1E71748B3FD00D98529 /* MyBusZoom */ = {
			isa = PBXGroup;
			children = (
				77E71A411765DF6500120F92 /* FavoriteListController.h */,
				77E71A421765DF6500120F92 /* FavoriteListController.m */,
			);
			name = MyBusZoom;
			sourceTree = "<group>";
		};
		7740B1E81748B42C00D98529 /* Setting */ = {
			isa = PBXGroup;
			children = (
				77E71A451765DFAD00120F92 /* SettingController.h */,
				77E71A461765DFAD00120F92 /* SettingController.m */,
				77450B63176FEB8A003BE8D1 /* RefreshFrequencyController.h */,
				77450B64176FEB8A003BE8D1 /* RefreshFrequencyController.m */,
				77F2226D17993218006D378B /* ThemeSettingController.h */,
				77F2226E17993218006D378B /* ThemeSettingController.m */,
				7738C74117A1359F00E0C167 /* LaunchSettingController.h */,
				7738C74217A1359F00E0C167 /* LaunchSettingController.m */,
				77F31D8B17ADFBA900C08749 /* AudioSettingController.h */,
				77F31D8C17ADFBA900C08749 /* AudioSettingController.m */,
			);
			name = Setting;
			sourceTree = "<group>";
		};
		7740B1E91748B46900D98529 /* Controllers */ = {
			isa = PBXGroup;
			children = (
				77E71A481765E3DF00120F92 /* About */,
				77A9A54317508E6100263B54 /* MapShow */,
				77A9A54217508E5200263B54 /* FindFriends */,
				7740B1EB1748B4B500D98529 /* Common */,
				7740B1EA1748B49900D98529 /* HomePage */,
				7740B1E81748B42C00D98529 /* Setting */,
				7740B1E71748B3FD00D98529 /* MyBusZoom */,
				7740B1E61748B3F000D98529 /* BusQuery */,
			);
			name = Controllers;
			sourceTree = "<group>";
		};
		7740B1EA1748B49900D98529 /* HomePage */ = {
			isa = PBXGroup;
			children = (
				7740B1EF1748B4F900D98529 /* MenuContainerController.h */,
				7740B1F01748B4F900D98529 /* MenuContainerController.m */,
			);
			name = HomePage;
			sourceTree = "<group>";
		};
		7740B1EB1748B4B500D98529 /* Common */ = {
			isa = PBXGroup;
			children = (
				7740B1EC1748B4DB00D98529 /* BaseController.h */,
				7740B1ED1748B4DB00D98529 /* BaseController.m */,
			);
			name = Common;
			sourceTree = "<group>";
		};
		7740B1F21748BBE300D98529 /* Utility */ = {
			isa = PBXGroup;
			children = (
				7738C72817A10CC800E0C167 /* YISplashScreen */,
				77EEE70E179B88630013784E /* NYSliderPopover */,
				772FEFDA179A92B500AD51E2 /* ThemeManager.h */,
				772FEFDB179A92B500AD51E2 /* ThemeManager.m */,
				7715B55217520B07002B4487 /* DBHelper.h */,
				7715B55317520B07002B4487 /* DBHelper.m */,
				77A9A6C11750A2BD00263B54 /* ELTableViewController */,
				77330FC2178BBAB90070D091 /* Extensions */,
				772A63321755C03000FBF5E6 /* Floder */,
				7740B1F41748BC5C00D98529 /* GlobalDefinitionForBusiness.h */,
				77C481F51759FB0400AA00A3 /* GlobalDefinitionForMap.h */,
				7740B1F51748E4FE00D98529 /* GlobalDefinitionForUI.h */,
				776FDD111777DB890058595E /* iBusTool.h */,
				776FDD121777DB890058595E /* iBusTool.m */,
				77A9A6DB1750ADC700263B54 /* IconDownloader */,
				77C481F6175A2AAB00AA00A3 /* MapHelper.h */,
				77C481F7175A2AAB00AA00A3 /* MapHelper.m */,
				77A9A5471750A1D300263B54 /* RefreshAndLoadMore */,
				77D31ABB17747F170012B816 /* WeixinSDK */,
			);
			name = Utility;
			sourceTree = "<group>";
		};
		774C35F91782B70400809466 /* mapImages */ = {
			isa = PBXGroup;
			children = (
				774C360A1782D01A00809466 /* marker_car.png */,
				774C35FA1782B72400809466 /* hybrid_hl.png */,
				774C35FB1782B72400809466 /* hybrid.png */,
				774C35FC1782B72400809466 /* normal_hl.png */,
				774C35FD1782B72400809466 /* normal.png */,
				774C35FE1782B72400809466 /* terrain_hl.png */,
				774C35FF1782B72400809466 /* terrain.png */,
			);
			name = mapImages;
			sourceTree = "<group>";
		};
		776FDD141777E1CC0058595E /* PinyinIndex */ = {
			isa = PBXGroup;
			children = (
				776FDD151777E1EA0058595E /* ChinesePinYinAddress.h */,
				776FDD161777E1EA0058595E /* ChinesePinYinAddress.m */,
			);
			name = PinyinIndex;
			sourceTree = "<group>";
		};
		778024D3176DA11900B6C06E /* others */ = {
			isa = PBXGroup;
			children = (
				77E623A817A24FD3003E269F /* BusDB.db */,
				773C55261794DC5A00C6847B /* AppAd.jpeg */,
				7733EBE6177EFD86007C67A1 /* IconForAbout.png */,
			);
			name = others;
			sourceTree = "<group>";
		};
		77A9A54217508E5200263B54 /* FindFriends */ = {
			isa = PBXGroup;
			children = (
			);
			name = FindFriends;
			sourceTree = "<group>";
		};
		77A9A54317508E6100263B54 /* MapShow */ = {
			isa = PBXGroup;
			children = (
			);
			name = MapShow;
			sourceTree = "<group>";
		};
		77A9A5471750A1D300263B54 /* RefreshAndLoadMore */ = {
			isa = PBXGroup;
			children = (
				77A9A6BB1750A2A300263B54 /* EGORefreshTableHeaderView.h */,
				77A9A6BC1750A2A300263B54 /* EGORefreshTableHeaderView.m */,
				77A9A6BD1750A2A300263B54 /* LoadMoreTableFooterView.h */,
				77A9A6BE1750A2A300263B54 /* LoadMoreTableFooterView.m */,
			);
			name = RefreshAndLoadMore;
			sourceTree = "<group>";
		};
		77A9A6C11750A2BD00263B54 /* ELTableViewController */ = {
			isa = PBXGroup;
			children = (
				77A9A6C21750A2DC00263B54 /* ELTableViewController.h */,
				77A9A6C31750A2DC00263B54 /* ELTableViewController.m */,
			);
			name = ELTableViewController;
			sourceTree = "<group>";
		};
		77A9A6C51750AC1000263B54 /* Resources */ = {
			isa = PBXGroup;
			children = (
				7777363C1793E95D00DA2BCB /* ThemeResource */,
				774C35F91782B70400809466 /* mapImages */,
				778024D3176DA11900B6C06E /* others */,
				772A6350175618CB00FBF5E6 /* menuItem */,
				77DEB62F17549A4700FD4594 /* images */,
				77A9A6C61750AC2300263B54 /* RefreshAndLoadMoreImages */,
			);
			name = Resources;
			sourceTree = "<group>";
		};
		77A9A6C61750AC2300263B54 /* RefreshAndLoadMoreImages */ = {
			isa = PBXGroup;
			children = (
				77A9A6C71750ACAB00263B54 /* back_icon.png */,
				77A9A6C81750ACAB00263B54 /* back_icon@2x.png */,
				77A9A6C91750ACAB00263B54 /* blackArrow.png */,
				77A9A6CA1750ACAB00263B54 /* blackArrow@2x.png */,
				77A9A6CB1750ACAB00263B54 /* blueArrow.png */,
				77A9A6CC1750ACAB00263B54 /* blueArrow@2x.png */,
				77A9A6CD1750ACAB00263B54 /* grayArrow.png */,
				77A9A6CE1750ACAB00263B54 /* grayArrow@2x.png */,
				77A9A6CF1750ACAB00263B54 /* whiteArrow.png */,
				77A9A6D01750ACAB00263B54 /* whiteArrow@2x.png */,
			);
			name = RefreshAndLoadMoreImages;
			sourceTree = "<group>";
		};
		77A9A6DB1750ADC700263B54 /* IconDownloader */ = {
			isa = PBXGroup;
			children = (
				77A9A6DC1750ADE700263B54 /* IconDownloader.h */,
				77A9A6DD1750ADE700263B54 /* IconDownloader.m */,
			);
			name = IconDownloader;
			sourceTree = "<group>";
		};
		77D31ABB17747F170012B816 /* WeixinSDK */ = {
			isa = PBXGroup;
			children = (
				776EB8591781706700CCF0A0 /* libWeChatSDK_armv7_armv7s.a */,
				77D31ABD17747F460012B816 /* WXApi.h */,
				77D31ABE17747F460012B816 /* WXApiObject.h */,
			);
			name = WeixinSDK;
			sourceTree = "<group>";
		};
		77DEB6271754987300FD4594 /* UI */ = {
			isa = PBXGroup;
			children = (
				772342EC1775964D004496F2 /* CommonViews */,
				77DEB6281754987D00FD4594 /* TableCells */,
			);
			name = UI;
			sourceTree = "<group>";
		};
		77DEB6281754987D00FD4594 /* TableCells */ = {
			isa = PBXGroup;
			children = (
				7723464F1775AD59004496F2 /* RelationshipCell.h */,
				772346501775AD59004496F2 /* RelationshipCell.m */,
				77DEB629175498CC00FD4594 /* BaseCell.h */,
				77DEB62A175498CC00FD4594 /* BaseCell.m */,
				77DEB62C175498E700FD4594 /* LineListCell.h */,
				77DEB62D175498E700FD4594 /* LineListCell.m */,
				77DEB0FF17587C2000E93D1D /* StationListCell.h */,
				77DEB10017587C2000E93D1D /* StationListCell.m */,
			);
			name = TableCells;
			sourceTree = "<group>";
		};
		77DEB62F17549A4700FD4594 /* images */ = {
			isa = PBXGroup;
			children = (
				7748099E179FA23600164E24 /* cover.png */,
				772B1A1E17900D960085387C /* lineListGuide.png */,
				7733EBE4177EFAFA007C67A1 /* busStation.png */,
				7733EBDE177EA32A007C67A1 /* checked.png */,
				7733EBDF177EA32A007C67A1 /* unchecked.png */,
				7767F2CB177D6488002B46C9 /* iconPlaceHolder.png */,
				7767F2C5177D3ADE002B46C9 /* busPlaceHolder.png */,
				77248C93177C29EF001FEF08 /* arrowStation-568h@2x.png */,
				777193F1177AD96B00F4E546 /* arrowStation.png */,
				777193F2177AD96B00F4E546 /* arrowStation@2x.png */,
				777193EC177AD2BF00F4E546 /* collectionBtn.png */,
				777193ED177AD2BF00F4E546 /* collectionedBtn.png */,
				777193E6177AC4FE00F4E546 /* closeBtn.png */,
				777193E4177AB9B200F4E546 /* sendBtn.png */,
				776FDD2717785C530058595E /* atBtn.png */,
				776FDD1A1777EDC30058595E /* deleteBtn.png */,
				77284E541772947A0083CBED /* shareBtn.png */,
				77450B741770538C003BE8D1 /* submitBtn.png */,
				77450B68176FFDD9003BE8D1 /* menuBtn.png */,
				77450B66176FF34B003BE8D1 /* backBtn.png */,
				776B481F176F0EA200475EE5 /* refreshBtn.png */,
				7742E15C1769BE1D0032BE9B /* favoriteBtn_highlight.png */,
				7742E15D1769BE1D0032BE9B /* favoriteBtn_normal.png */,
				778546E1176465830020AE10 /* stationBusMarker.png */,
				77C481F31759C39700AA00A3 /* mapBtn.png */,
				772A63421755F08500FBF5E6 /* DownAccessory.png */,
				772A63431755F08500FBF5E6 /* DownAccessory@2x.png */,
				772A63441755F08500FBF5E6 /* UpAccessory.png */,
				772A63451755F08500FBF5E6 /* UpAccessory@2x.png */,
				77DEB63C1754AB2600FD4594 /* arrow_right.png */,
				77DEB6381754AA3100FD4594 /* arrow_left.png */,
			);
			name = images;
			sourceTree = "<group>";
		};
		77E71A481765E3DF00120F92 /* About */ = {
			isa = PBXGroup;
			children = (
				772343211775AAB5004496F2 /* Weixin */,
				772343201775AAA4004496F2 /* Sinaweibo */,
				77E71A491765E41300120F92 /* AboutController.h */,
				77E71A4A1765E41300120F92 /* AboutController.m */,
				77284E561772D9590083CBED /* AboutDeveloperController.h */,
				77284E571772D9590083CBED /* AboutDeveloperController.m */,
				77284E5C1772D9940083CBED /* ShareController.h */,
				77284E5D1772D9940083CBED /* ShareController.m */,
				772342E917759518004496F2 /* PublishBaseController.h */,
				772342EA17759518004496F2 /* PublishBaseController.m */,
			);
			name = About;
			sourceTree = "<group>";
		};
		77EEE70E179B88630013784E /* NYSliderPopover */ = {
			isa = PBXGroup;
			children = (
				77EEE70F179B88D30013784E /* NYPopover.h */,
				77EEE710179B88D30013784E /* NYPopover.m */,
				77EEE711179B88D30013784E /* NYSliderPopover.h */,
				77EEE712179B88D30013784E /* NYSliderPopover.m */,
			);
			name = NYSliderPopover;
			sourceTree = "<group>";
		};
		77F0E3141753270000F4C748 /* OperateQueue */ = {
			isa = PBXGroup;
			children = (
				7723431C1775A9B5004496F2 /* ShareOperation */,
				7723431B1775A9A7004496F2 /* DataOperation */,
			);
			name = OperateQueue;
			sourceTree = "<group>";
		};
/* End PBXGroup section */

/* Begin PBXNativeTarget section */
		7740B1C51748AFC800D98529 /* iBus-iPhone */ = {
			isa = PBXNativeTarget;
			buildConfigurationList = 7740B1E31748AFC800D98529 /* Build configuration list for PBXNativeTarget "iBus-iPhone" */;
			buildPhases = (
				9835A5F3A36142198DF61B1E /* Check Pods Manifest.lock */,
				7740B1C21748AFC800D98529 /* Sources */,
				7740B1C31748AFC800D98529 /* Frameworks */,
				7740B1C41748AFC800D98529 /* Resources */,
				8C37BFCB0C784AD984EC070B /* Copy Pods Resources */,
			);
			buildRules = (
			);
			dependencies = (
			);
			name = "iBus-iPhone";
			productName = "iBus-iPhone";
			productReference = 7740B1C61748AFC800D98529 /* iBus-iPhone.app */;
			productType = "com.apple.product-type.application";
		};
/* End PBXNativeTarget section */

/* Begin PBXProject section */
		7740B1BE1748AFC800D98529 /* Project object */ = {
			isa = PBXProject;
			attributes = {
				LastUpgradeCheck = 0460;
				ORGANIZATIONNAME = yanghua;
			};
			buildConfigurationList = 7740B1C11748AFC800D98529 /* Build configuration list for PBXProject "iBus-iPhone" */;
			compatibilityVersion = "Xcode 3.2";
			developmentRegion = English;
			hasScannedForEncodings = 0;
			knownRegions = (
				en,
			);
			mainGroup = 7740B1BD1748AFC800D98529;
			productRefGroup = 7740B1C71748AFC800D98529 /* Products */;
			projectDirPath = "";
			projectRoot = "";
			targets = (
				7740B1C51748AFC800D98529 /* iBus-iPhone */,
			);
		};
/* End PBXProject section */

/* Begin PBXResourcesBuildPhase section */
		7740B1C41748AFC800D98529 /* Resources */ = {
			isa = PBXResourcesBuildPhase;
			buildActionMask = 2147483647;
			files = (
				7740B1D41748AFC800D98529 /* InfoPlist.strings in Resources */,
				77A9A6D11750ACAB00263B54 /* back_icon.png in Resources */,
				77A9A6D21750ACAB00263B54 /* back_icon@2x.png in Resources */,
				77A9A6D31750ACAB00263B54 /* blackArrow.png in Resources */,
				77A9A6D41750ACAB00263B54 /* blackArrow@2x.png in Resources */,
				77A9A6D51750ACAB00263B54 /* blueArrow.png in Resources */,
				77A9A6D61750ACAB00263B54 /* blueArrow@2x.png in Resources */,
				77A9A6D71750ACAB00263B54 /* grayArrow.png in Resources */,
				77A9A6D81750ACAB00263B54 /* grayArrow@2x.png in Resources */,
				77A9A6D91750ACAB00263B54 /* whiteArrow.png in Resources */,
				77A9A6DA1750ACAB00263B54 /* whiteArrow@2x.png in Resources */,
				77DEB63A1754AA3100FD4594 /* arrow_left.png in Resources */,
				77DEB63D1754AB2600FD4594 /* arrow_right.png in Resources */,
				772A63461755F08500FBF5E6 /* DownAccessory.png in Resources */,
				772A63471755F08500FBF5E6 /* DownAccessory@2x.png in Resources */,
				772A63481755F08500FBF5E6 /* UpAccessory.png in Resources */,
				772A63491755F08500FBF5E6 /* UpAccessory@2x.png in Resources */,
				772A634F1756181A00FBF5E6 /* map.png in Resources */,
				772A6352175618EB00FBF5E6 /* friends.png in Resources */,
				77C481F41759C39700AA00A3 /* mapBtn.png in Resources */,
				778546E2176465830020AE10 /* stationBusMarker.png in Resources */,
				7742E15E1769BE1D0032BE9B /* favoriteBtn_highlight.png in Resources */,
				7742E15F1769BE1D0032BE9B /* favoriteBtn_normal.png in Resources */,
				776B4820176F0EA200475EE5 /* refreshBtn.png in Resources */,
				77450B67176FF34B003BE8D1 /* backBtn.png in Resources */,
				77450B69176FFDD9003BE8D1 /* menuBtn.png in Resources */,
				77450B751770538C003BE8D1 /* submitBtn.png in Resources */,
				77284E551772947A0083CBED /* shareBtn.png in Resources */,
				773BCCB71773DB540099460A /* busQuery.png in Resources */,
				773BCCB91773DC3C0099460A /* setting.png in Resources */,
				773BCCBB1773DD650099460A /* busZoom.png in Resources */,
				773BCCBD1773E3160099460A /* about.png in Resources */,
				776FDD1B1777EDC30058595E /* deleteBtn.png in Resources */,
				776FDD2817785C530058595E /* atBtn.png in Resources */,
				777193E5177AB9B400F4E546 /* sendBtn.png in Resources */,
				777193E7177AC50000F4E546 /* closeBtn.png in Resources */,
				777193EE177AD2C100F4E546 /* collectionBtn.png in Resources */,
				777193EF177AD2C100F4E546 /* collectionedBtn.png in Resources */,
				777193F4177AD96D00F4E546 /* arrowStation.png in Resources */,
				777193F5177AD96D00F4E546 /* arrowStation@2x.png in Resources */,
				77248C90177C267B001FEF08 /* Icon.png in Resources */,
				77248C92177C26BD001FEF08 /* Icon@2x.png in Resources */,
				77248C94177C29EF001FEF08 /* arrowStation-568h@2x.png in Resources */,
				7767F2C6177D3ADE002B46C9 /* busPlaceHolder.png in Resources */,
				7767F2CC177D6488002B46C9 /* iconPlaceHolder.png in Resources */,
				7733EBE0177EA32A007C67A1 /* checked.png in Resources */,
				7733EBE1177EA32A007C67A1 /* unchecked.png in Resources */,
				7733EBE5177EFAFA007C67A1 /* busStation.png in Resources */,
				7733EBE7177EFD86007C67A1 /* IconForAbout.png in Resources */,
				774C36001782B72400809466 /* hybrid_hl.png in Resources */,
				774C36011782B72400809466 /* hybrid.png in Resources */,
				774C36021782B72400809466 /* normal_hl.png in Resources */,
				774C36031782B72400809466 /* normal.png in Resources */,
				774C36041782B72400809466 /* terrain_hl.png in Resources */,
				774C36051782B72400809466 /* terrain.png in Resources */,
				774C360B1782D01A00809466 /* marker_car.png in Resources */,
				772B1A1F17900D960085387C /* lineListGuide.png in Resources */,
				7777363D1793E95D00DA2BCB /* ThemeResource in Resources */,
				773C55271794DC5A00C6847B /* AppAd.jpeg in Resources */,
				7748099F179FA23600164E24 /* cover.png in Resources */,
				7738C73C17A1215000E0C167 /* Default.png in Resources */,
				7738C73E17A1215600E0C167 /* Default@2x.png in Resources */,
				7738C74017A1215B00E0C167 /* Default-568h@2x.png in Resources */,
				77E623A917A24FD3003E269F /* BusDB.db in Resources */,
			);
			runOnlyForDeploymentPostprocessing = 0;
		};
/* End PBXResourcesBuildPhase section */

/* Begin PBXShellScriptBuildPhase section */
		8C37BFCB0C784AD984EC070B /* Copy Pods Resources */ = {
			isa = PBXShellScriptBuildPhase;
			buildActionMask = 2147483647;
			files = (
			);
			inputPaths = (
			);
			name = "Copy Pods Resources";
			outputPaths = (
			);
			runOnlyForDeploymentPostprocessing = 0;
			shellPath = /bin/sh;
			shellScript = "\"${SRCROOT}/Pods/Pods-resources.sh\"\n";
		};
		9835A5F3A36142198DF61B1E /* Check Pods Manifest.lock */ = {
			isa = PBXShellScriptBuildPhase;
			buildActionMask = 2147483647;
			files = (
			);
			inputPaths = (
			);
			name = "Check Pods Manifest.lock";
			outputPaths = (
			);
			runOnlyForDeploymentPostprocessing = 0;
			shellPath = /bin/sh;
			shellScript = "diff \"${PODS_ROOT}/../Podfile.lock\" \"${PODS_ROOT}/Manifest.lock\" > /dev/null\nif [[ $? != 0 ]] ; then\n    cat << EOM\nerror: The sandbox is not in sync with the Podfile.lock. Run 'pod install' or update your CocoaPods installation.\nEOM\n    exit 1\nfi\n";
		};
/* End PBXShellScriptBuildPhase section */

/* Begin PBXSourcesBuildPhase section */
		7740B1C21748AFC800D98529 /* Sources */ = {
			isa = PBXSourcesBuildPhase;
			buildActionMask = 2147483647;
			files = (
				7740B1D61748AFC800D98529 /* main.m in Sources */,
				7740B1DA1748AFC800D98529 /* AppDelegate.m in Sources */,
				7740B1EE1748B4DB00D98529 /* BaseController.m in Sources */,
				7740B1F11748B4F900D98529 /* MenuContainerController.m in Sources */,
				77EABAAB174A3935006C9E03 /* BusQueryController.m in Sources */,
				77A9A6BF1750A2A300263B54 /* EGORefreshTableHeaderView.m in Sources */,
				77A9A6C01750A2A300263B54 /* LoadMoreTableFooterView.m in Sources */,
				77A9A6C41750A2DC00263B54 /* ELTableViewController.m in Sources */,
				77A9A6DE1750ADE700263B54 /* IconDownloader.m in Sources */,
				77A9A6EC1750C3DE00263B54 /* StationMapInfoController.m in Sources */,
				77A9A6EF1750C63A00263B54 /* StationListController.m in Sources */,
				7715B5501751FD82002B4487 /* LineDao.m in Sources */,
				7715B55417520B07002B4487 /* DBHelper.m in Sources */,
				77F0E3181753276A00F4C748 /* BaseOperation.m in Sources */,
				77F0E31B175327B300F4C748 /* FetchLineInfoOperation.m in Sources */,
				77DEB62B175498CC00FD4594 /* BaseCell.m in Sources */,
				77DEB62E175498E700FD4594 /* LineListCell.m in Sources */,
				772A63391755C06300FBF5E6 /* FolderCoverView.m in Sources */,
				772A633A1755C06300FBF5E6 /* UIFolderTableView.m in Sources */,
				772A633B1755C06300FBF5E6 /* UIView+screenshot.m in Sources */,
				772A633E1755C24500FBF5E6 /* LineListController.m in Sources */,
				772A63411755C36200FBF5E6 /* SubLineViewController.m in Sources */,
				77DEB0FB1758524D00E93D1D /* StationDao.m in Sources */,
				77DEB0FE175854F600E93D1D /* FetchStationInfoOperation.m in Sources */,
				77DEB10117587C2000E93D1D /* StationListCell.m in Sources */,
				77C481F8175A2AAB00AA00A3 /* MapHelper.m in Sources */,
				77FDD8E51761ED8D001E5A77 /* LineDynamicStateController.m in Sources */,
				77E71A431765DF6500120F92 /* FavoriteListController.m in Sources */,
				77E71A471765DFAD00120F92 /* SettingController.m in Sources */,
				77E71A4B1765E41300120F92 /* AboutController.m in Sources */,
				7742E155176955720032BE9B /* ConfigCategoryDao.m in Sources */,
				7742E158176955A10032BE9B /* ConfigItemDao.m in Sources */,
				7742E15B17698DEE0032BE9B /* BasicDataOperation.m in Sources */,
				77450B65176FEB8A003BE8D1 /* RefreshFrequencyController.m in Sources */,
				77284E581772D9590083CBED /* AboutDeveloperController.m in Sources */,
				77284E5E1772D9940083CBED /* ShareController.m in Sources */,
				77D31AB717746D240012B816 /* SharedToSinaWeiboController.m in Sources */,
				77D31ABA17746D3D0012B816 /* SharedToWeixinController.m in Sources */,
				772342EB17759518004496F2 /* PublishBaseController.m in Sources */,
				772342EF1775968B004496F2 /* UIPlaceHolderTextView.m in Sources */,
				772342F21775970E004496F2 /* ClickableLabel.m in Sources */,
				772342F51775986C004496F2 /* UIControl+BlockKits.m in Sources */,
				7723431F1775A9DF004496F2 /* ShareOperation.m in Sources */,
				772343241775AB01004496F2 /* FollowedSinaweiboController.m in Sources */,
				772346511775AD59004496F2 /* RelationshipCell.m in Sources */,
				776FDD131777DB890058595E /* iBusTool.m in Sources */,
				776FDD171777E1EA0058595E /* ChinesePinYinAddress.m in Sources */,
				776FDD201778147F0058595E /* ShareToSinaWeiboOperation.m in Sources */,
				776FDD23177814960058595E /* ShareToWeixinOperation.m in Sources */,
				776FDD26177857330058595E /* ExtensionMethods.m in Sources */,
				776EDC0F178D578100BAC375 /* UIImage+Utility.m in Sources */,
				77F2226F17993218006D378B /* ThemeSettingController.m in Sources */,
				772FEFDC179A92B500AD51E2 /* ThemeManager.m in Sources */,
				77EEE713179B88D30013784E /* NYPopover.m in Sources */,
				77EEE714179B88D30013784E /* NYSliderPopover.m in Sources */,
				7738C72D17A10CF500E0C167 /* YISplashScreen.m in Sources */,
				7738C72E17A10CF500E0C167 /* YISplashScreenAnimation.m in Sources */,
				7738C74317A1359F00E0C167 /* LaunchSettingController.m in Sources */,
				77F31D8D17ADFBA900C08749 /* AudioSettingController.m in Sources */,
			);
			runOnlyForDeploymentPostprocessing = 0;
		};
/* End PBXSourcesBuildPhase section */

/* Begin PBXVariantGroup section */
		7740B1D21748AFC800D98529 /* InfoPlist.strings */ = {
			isa = PBXVariantGroup;
			children = (
				7740B1D31748AFC800D98529 /* en */,
			);
			name = InfoPlist.strings;
			sourceTree = "<group>";
		};
/* End PBXVariantGroup section */

/* Begin XCBuildConfiguration section */
		7740B1E11748AFC800D98529 /* Debug */ = {
			isa = XCBuildConfiguration;
			buildSettings = {
				ALWAYS_SEARCH_USER_PATHS = NO;
				CLANG_CXX_LANGUAGE_STANDARD = "gnu++0x";
				CLANG_CXX_LIBRARY = "libc++";
				CLANG_WARN_CONSTANT_CONVERSION = YES;
				CLANG_WARN_EMPTY_BODY = YES;
				CLANG_WARN_ENUM_CONVERSION = YES;
				CLANG_WARN_INT_CONVERSION = YES;
				CLANG_WARN__DUPLICATE_METHOD_MATCH = YES;
				CODE_SIGN_IDENTITY = "iPhone Developer";
				"CODE_SIGN_IDENTITY[sdk=iphoneos*]" = "iPhone Developer";
				COPY_PHASE_STRIP = NO;
				GCC_C_LANGUAGE_STANDARD = gnu99;
				GCC_DYNAMIC_NO_PIC = NO;
				GCC_OPTIMIZATION_LEVEL = 0;
				GCC_PREPROCESSOR_DEFINITIONS = (
					"DEBUG=1",
					"$(inherited)",
				);
				GCC_SYMBOLS_PRIVATE_EXTERN = NO;
				GCC_WARN_ABOUT_RETURN_TYPE = YES;
				GCC_WARN_UNINITIALIZED_AUTOS = YES;
				GCC_WARN_UNUSED_VARIABLE = YES;
				IPHONEOS_DEPLOYMENT_TARGET = 6.1;
				ONLY_ACTIVE_ARCH = YES;
				PROVISIONING_PROFILE = "";
				SDKROOT = iphoneos;
			};
			name = Debug;
		};
		7740B1E21748AFC800D98529 /* Release */ = {
			isa = XCBuildConfiguration;
			buildSettings = {
				ALWAYS_SEARCH_USER_PATHS = NO;
				CLANG_CXX_LANGUAGE_STANDARD = "gnu++0x";
				CLANG_CXX_LIBRARY = "libc++";
				CLANG_WARN_CONSTANT_CONVERSION = YES;
				CLANG_WARN_EMPTY_BODY = YES;
				CLANG_WARN_ENUM_CONVERSION = YES;
				CLANG_WARN_INT_CONVERSION = YES;
				CLANG_WARN__DUPLICATE_METHOD_MATCH = YES;
				CODE_SIGN_IDENTITY = "iPhone Developer";
				"CODE_SIGN_IDENTITY[sdk=iphoneos*]" = "iPhone Developer";
				COPY_PHASE_STRIP = YES;
				GCC_C_LANGUAGE_STANDARD = gnu99;
				GCC_WARN_ABOUT_RETURN_TYPE = YES;
				GCC_WARN_UNINITIALIZED_AUTOS = YES;
				GCC_WARN_UNUSED_VARIABLE = YES;
				IPHONEOS_DEPLOYMENT_TARGET = 6.1;
				OTHER_CFLAGS = "-DNS_BLOCK_ASSERTIONS=1";
				PROVISIONING_PROFILE = "";
				SDKROOT = iphoneos;
				VALIDATE_PRODUCT = YES;
			};
			name = Release;
		};
		7740B1E41748AFC800D98529 /* Debug */ = {
			isa = XCBuildConfiguration;
			baseConfigurationReference = 7DD7B459E986410FA3291522 /* Pods.xcconfig */;
			buildSettings = {
				CODE_SIGN_IDENTITY = "iPhone Developer";
				"CODE_SIGN_IDENTITY[sdk=iphoneos*]" = "iPhone Developer";
				FRAMEWORK_SEARCH_PATHS = (
					"$(inherited)",
					"\"$(SRCROOT)/../../../IOS/iphone_ui_1.036_51e8e0c1/lib\"",
				);
				GCC_PRECOMPILE_PREFIX_HEADER = YES;
				GCC_PREFIX_HEADER = "iBus-iPhone/iBus-iPhone-Prefix.pch";
				INFOPLIST_FILE = "iBus-iPhone/iBus-iPhone-Info.plist";
				LIBRARY_SEARCH_PATHS = (
					"$(inherited)",
					"\"$(SRCROOT)/iBus-iPhone\"",
				);
				PRODUCT_NAME = "$(TARGET_NAME)";
				PROVISIONING_PROFILE = "";
				"PROVISIONING_PROFILE[sdk=iphoneos*]" = "";
				WRAPPER_EXTENSION = app;
			};
			name = Debug;
		};
		7740B1E51748AFC800D98529 /* Release */ = {
			isa = XCBuildConfiguration;
			baseConfigurationReference = 7DD7B459E986410FA3291522 /* Pods.xcconfig */;
			buildSettings = {
				"CODE_SIGN_ENTITLEMENTS[sdk=*]" = "";
				CODE_SIGN_IDENTITY = "iPhone Developer";
				"CODE_SIGN_IDENTITY[sdk=iphoneos*]" = "iPhone Developer";
				FRAMEWORK_SEARCH_PATHS = (
					"$(inherited)",
					"\"$(SRCROOT)/../../../IOS/iphone_ui_1.036_51e8e0c1/lib\"",
				);
				GCC_PRECOMPILE_PREFIX_HEADER = YES;
				GCC_PREFIX_HEADER = "iBus-iPhone/iBus-iPhone-Prefix.pch";
				INFOPLIST_FILE = "iBus-iPhone/iBus-iPhone-Info.plist";
				LIBRARY_SEARCH_PATHS = (
					"$(inherited)",
					"\"$(SRCROOT)/iBus-iPhone\"",
				);
				PRODUCT_NAME = "$(TARGET_NAME)";
				PROVISIONING_PROFILE = "";
				"PROVISIONING_PROFILE[sdk=iphoneos*]" = "";
				VALID_ARCHS = armv7;
				WRAPPER_EXTENSION = app;
			};
			name = Release;
		};
/* End XCBuildConfiguration section */

/* Begin XCConfigurationList section */
		7740B1C11748AFC800D98529 /* Build configuration list for PBXProject "iBus-iPhone" */ = {
			isa = XCConfigurationList;
			buildConfigurations = (
				7740B1E11748AFC800D98529 /* Debug */,
				7740B1E21748AFC800D98529 /* Release */,
			);
			defaultConfigurationIsVisible = 0;
			defaultConfigurationName = Release;
		};
		7740B1E31748AFC800D98529 /* Build configuration list for PBXNativeTarget "iBus-iPhone" */ = {
			isa = XCConfigurationList;
			buildConfigurations = (
				7740B1E41748AFC800D98529 /* Debug */,
				7740B1E51748AFC800D98529 /* Release */,
			);
			defaultConfigurationIsVisible = 0;
			defaultConfigurationName = Release;
		};
/* End XCConfigurationList section */
	};
	rootObject = 7740B1BE1748AFC800D98529 /* Project object */;
}
